// !$*UTF8*$!
{
	archiveVersion = 1;
	classes = {
	};
	objectVersion = 46;
	objects = {

/* Begin PBXBuildFile section */
		190BF48C18C6C818006B0AE6 /* MyScene.m in Sources */ = {isa = PBXBuildFile; fileRef = 190BF48B18C6C818006B0AE6 /* MyScene.m */; };
		190BF48F18C6C873006B0AE6 /* Spaceship.png in Resources */ = {isa = PBXBuildFile; fileRef = 190BF48E18C6C873006B0AE6 /* Spaceship.png */; };
		1917DFF718C8551300E54F02 /* PPElement.m in Sources */ = {isa = PBXBuildFile; fileRef = 1917DFF618C8551300E54F02 /* PPElement.m */; };
		1938054918CB0CAB00EF8691 /* ConfigData.m in Sources */ = {isa = PBXBuildFile; fileRef = 1938054818CB0CAB00EF8691 /* ConfigData.m */; };
		19F2FF0418CAF54600E3F446 /* PPLoginVC.m in Sources */ = {isa = PBXBuildFile; fileRef = 19F2FEFE18CAF54600E3F446 /* PPLoginVC.m */; };
		19F2FF0518CAF54600E3F446 /* PPRootVC.m in Sources */ = {isa = PBXBuildFile; fileRef = 19F2FF0018CAF54600E3F446 /* PPRootVC.m */; };
		19F2FF0618CAF54600E3F446 /* PPSelectPixieVC.m in Sources */ = {isa = PBXBuildFile; fileRef = 19F2FF0218CAF54600E3F446 /* PPSelectPixieVC.m */; };
		19F6ED9C18C6C09900BFFF9A /* Foundation.framework in Frameworks */ = {isa = PBXBuildFile; fileRef = 19F6ED9B18C6C09900BFFF9A /* Foundation.framework */; };
		19F6ED9E18C6C09900BFFF9A /* CoreGraphics.framework in Frameworks */ = {isa = PBXBuildFile; fileRef = 19F6ED9D18C6C09900BFFF9A /* CoreGraphics.framework */; };
		19F6EDA018C6C09900BFFF9A /* UIKit.framework in Frameworks */ = {isa = PBXBuildFile; fileRef = 19F6ED9F18C6C09900BFFF9A /* UIKit.framework */; };
		19F6EDA218C6C09900BFFF9A /* SpriteKit.framework in Frameworks */ = {isa = PBXBuildFile; fileRef = 19F6EDA118C6C09900BFFF9A /* SpriteKit.framework */; };
		19F6EDA818C6C09900BFFF9A /* InfoPlist.strings in Resources */ = {isa = PBXBuildFile; fileRef = 19F6EDA618C6C09900BFFF9A /* InfoPlist.strings */; };
		19F6EDAA18C6C09900BFFF9A /* main.m in Sources */ = {isa = PBXBuildFile; fileRef = 19F6EDA918C6C09900BFFF9A /* main.m */; };
		19F6EDAE18C6C09900BFFF9A /* PPAppDelegate.m in Sources */ = {isa = PBXBuildFile; fileRef = 19F6EDAD18C6C09900BFFF9A /* PPAppDelegate.m */; };
		19F6EDBB18C6C09900BFFF9A /* Images.xcassets in Resources */ = {isa = PBXBuildFile; fileRef = 19F6EDBA18C6C09900BFFF9A /* Images.xcassets */; };
		A514985718D6A61700AF20D6 /* PPTabBarController.m in Sources */ = {isa = PBXBuildFile; fileRef = A514985618D6A61700AF20D6 /* PPTabBarController.m */; };
		A514985918D6A6C900AF20D6 /* PPTabBarController.xib in Resources */ = {isa = PBXBuildFile; fileRef = A514985818D6A6C900AF20D6 /* PPTabBarController.xib */; };
		A591A21818CEF36B00219E86 /* PPReversibleAnimationController.m in Sources */ = {isa = PBXBuildFile; fileRef = A591A21718CEF36B00219E86 /* PPReversibleAnimationController.m */; };
		A591A21B18CEF64200219E86 /* PPPortalAnimationController.m in Sources */ = {isa = PBXBuildFile; fileRef = A591A21A18CEF64200219E86 /* PPPortalAnimationController.m */; };
		A591A21E18CF0C8C00219E86 /* PPHomeVC.m in Sources */ = {isa = PBXBuildFile; fileRef = A591A21D18CF0C8C00219E86 /* PPHomeVC.m */; };
		A5A2944618CAABD2002F866D /* PPPixie.m in Sources */ = {isa = PBXBuildFile; fileRef = A5A2944518CAABD2002F866D /* PPPixie.m */; };
		A5A2944918CAACBF002F866D /* PPStoryboard.storyboard in Resources */ = {isa = PBXBuildFile; fileRef = A5A2944818CAACBF002F866D /* PPStoryboard.storyboard */; };
		A5B786C418CBFE8F00D3E50B /* iCarousel.m in Sources */ = {isa = PBXBuildFile; fileRef = A5B786C318CBFE8F00D3E50B /* iCarousel.m */; };
		A5B786C918CC021200D3E50B /* PPCoverflow.m in Sources */ = {isa = PBXBuildFile; fileRef = A5B786C818CC021200D3E50B /* PPCoverflow.m */; };
/* End PBXBuildFile section */

/* Begin PBXFileReference section */
		190BF48A18C6C818006B0AE6 /* MyScene.h */ = {isa = PBXFileReference; fileEncoding = 4; lastKnownFileType = sourcecode.c.h; name = MyScene.h; path = Scenes/MyScene.h; sourceTree = "<group>"; };
		190BF48B18C6C818006B0AE6 /* MyScene.m */ = {isa = PBXFileReference; fileEncoding = 4; lastKnownFileType = sourcecode.c.objc; name = MyScene.m; path = Scenes/MyScene.m; sourceTree = "<group>"; };
		190BF48E18C6C873006B0AE6 /* Spaceship.png */ = {isa = PBXFileReference; lastKnownFileType = image.png; name = Spaceship.png; path = Resource/Image/Spaceship.png; sourceTree = "<group>"; };
		190BF49018C6C9E4006B0AE6 /* PPScenes.h */ = {isa = PBXFileReference; lastKnownFileType = sourcecode.c.h; name = PPScenes.h; path = Scenes/PPScenes.h; sourceTree = "<group>"; };
		1917DFF518C8551300E54F02 /* PPElement.h */ = {isa = PBXFileReference; fileEncoding = 4; lastKnownFileType = sourcecode.c.h; name = PPElement.h; path = Models/PPElement.h; sourceTree = "<group>"; };
		1917DFF618C8551300E54F02 /* PPElement.m */ = {isa = PBXFileReference; fileEncoding = 4; lastKnownFileType = sourcecode.c.objc; name = PPElement.m; path = Models/PPElement.m; sourceTree = "<group>"; };
		1917DFF818C85D8D00E54F02 /* PPModels.h */ = {isa = PBXFileReference; lastKnownFileType = sourcecode.c.h; name = PPModels.h; path = Models/PPModels.h; sourceTree = "<group>"; };
		1938054718CB0CAB00EF8691 /* ConfigData.h */ = {isa = PBXFileReference; fileEncoding = 4; lastKnownFileType = sourcecode.c.h; name = ConfigData.h; path = Configurations/ConfigData.h; sourceTree = "<group>"; };
		1938054818CB0CAB00EF8691 /* ConfigData.m */ = {isa = PBXFileReference; fileEncoding = 4; lastKnownFileType = sourcecode.c.objc; name = ConfigData.m; path = Configurations/ConfigData.m; sourceTree = "<group>"; };
		19906B8E18CB061D00C05BA3 /* Configuration.h */ = {isa = PBXFileReference; lastKnownFileType = sourcecode.c.h; name = Configuration.h; path = Configurations/Configuration.h; sourceTree = "<group>"; };
		19F2FEFB18CAF54600E3F446 /* PPControllers.h */ = {isa = PBXFileReference; fileEncoding = 4; lastKnownFileType = sourcecode.c.h; name = PPControllers.h; path = PixePixie/Controllers/PPControllers.h; sourceTree = SOURCE_ROOT; };
		19F2FEFD18CAF54600E3F446 /* PPLoginVC.h */ = {isa = PBXFileReference; fileEncoding = 4; lastKnownFileType = sourcecode.c.h; name = PPLoginVC.h; path = PixePixie/Controllers/PPLoginVC.h; sourceTree = SOURCE_ROOT; };
		19F2FEFE18CAF54600E3F446 /* PPLoginVC.m */ = {isa = PBXFileReference; fileEncoding = 4; lastKnownFileType = sourcecode.c.objc; name = PPLoginVC.m; path = PixePixie/Controllers/PPLoginVC.m; sourceTree = SOURCE_ROOT; };
		19F2FEFF18CAF54600E3F446 /* PPRootVC.h */ = {isa = PBXFileReference; fileEncoding = 4; lastKnownFileType = sourcecode.c.h; name = PPRootVC.h; path = PixePixie/Controllers/PPRootVC.h; sourceTree = SOURCE_ROOT; };
		19F2FF0018CAF54600E3F446 /* PPRootVC.m */ = {isa = PBXFileReference; fileEncoding = 4; lastKnownFileType = sourcecode.c.objc; name = PPRootVC.m; path = PixePixie/Controllers/PPRootVC.m; sourceTree = SOURCE_ROOT; };
		19F2FF0118CAF54600E3F446 /* PPSelectPixieVC.h */ = {isa = PBXFileReference; fileEncoding = 4; lastKnownFileType = sourcecode.c.h; name = PPSelectPixieVC.h; path = PixePixie/Controllers/PPSelectPixieVC.h; sourceTree = SOURCE_ROOT; };
		19F2FF0218CAF54600E3F446 /* PPSelectPixieVC.m */ = {isa = PBXFileReference; fileEncoding = 4; lastKnownFileType = sourcecode.c.objc; name = PPSelectPixieVC.m; path = PixePixie/Controllers/PPSelectPixieVC.m; sourceTree = SOURCE_ROOT; };
		19F6ED9818C6C09900BFFF9A /* PixelPixie.app */ = {isa = PBXFileReference; explicitFileType = wrapper.application; includeInIndex = 0; path = PixelPixie.app; sourceTree = BUILT_PRODUCTS_DIR; };
		19F6ED9B18C6C09900BFFF9A /* Foundation.framework */ = {isa = PBXFileReference; lastKnownFileType = wrapper.framework; name = Foundation.framework; path = System/Library/Frameworks/Foundation.framework; sourceTree = SDKROOT; };
		19F6ED9D18C6C09900BFFF9A /* CoreGraphics.framework */ = {isa = PBXFileReference; lastKnownFileType = wrapper.framework; name = CoreGraphics.framework; path = System/Library/Frameworks/CoreGraphics.framework; sourceTree = SDKROOT; };
		19F6ED9F18C6C09900BFFF9A /* UIKit.framework */ = {isa = PBXFileReference; lastKnownFileType = wrapper.framework; name = UIKit.framework; path = System/Library/Frameworks/UIKit.framework; sourceTree = SDKROOT; };
		19F6EDA118C6C09900BFFF9A /* SpriteKit.framework */ = {isa = PBXFileReference; lastKnownFileType = wrapper.framework; name = SpriteKit.framework; path = System/Library/Frameworks/SpriteKit.framework; sourceTree = SDKROOT; };
		19F6EDA518C6C09900BFFF9A /* PixelPixie-Info.plist */ = {isa = PBXFileReference; lastKnownFileType = text.plist.xml; path = "PixelPixie-Info.plist"; sourceTree = "<group>"; };
		19F6EDA718C6C09900BFFF9A /* en */ = {isa = PBXFileReference; lastKnownFileType = text.plist.strings; name = en; path = en.lproj/InfoPlist.strings; sourceTree = "<group>"; };
		19F6EDA918C6C09900BFFF9A /* main.m */ = {isa = PBXFileReference; lastKnownFileType = sourcecode.c.objc; path = main.m; sourceTree = "<group>"; };
		19F6EDAB18C6C09900BFFF9A /* PixelPixie-Prefix.pch */ = {isa = PBXFileReference; lastKnownFileType = sourcecode.c.h; path = "PixelPixie-Prefix.pch"; sourceTree = "<group>"; };
		19F6EDAC18C6C09900BFFF9A /* PPAppDelegate.h */ = {isa = PBXFileReference; lastKnownFileType = sourcecode.c.h; path = PPAppDelegate.h; sourceTree = "<group>"; };
		19F6EDAD18C6C09900BFFF9A /* PPAppDelegate.m */ = {isa = PBXFileReference; lastKnownFileType = sourcecode.c.objc; path = PPAppDelegate.m; sourceTree = "<group>"; };
		19F6EDBA18C6C09900BFFF9A /* Images.xcassets */ = {isa = PBXFileReference; lastKnownFileType = folder.assetcatalog; path = Images.xcassets; sourceTree = "<group>"; };
		19F6EDC118C6C09900BFFF9A /* XCTest.framework */ = {isa = PBXFileReference; lastKnownFileType = wrapper.framework; name = XCTest.framework; path = Library/Frameworks/XCTest.framework; sourceTree = DEVELOPER_DIR; };
		A514985518D6A61700AF20D6 /* PPTabBarController.h */ = {isa = PBXFileReference; fileEncoding = 4; lastKnownFileType = sourcecode.c.h; name = PPTabBarController.h; path = PixePixie/Controllers/PPTabBarController.h; sourceTree = SOURCE_ROOT; };
		A514985618D6A61700AF20D6 /* PPTabBarController.m */ = {isa = PBXFileReference; fileEncoding = 4; lastKnownFileType = sourcecode.c.objc; name = PPTabBarController.m; path = PixePixie/Controllers/PPTabBarController.m; sourceTree = SOURCE_ROOT; };
		A514985818D6A6C900AF20D6 /* PPTabBarController.xib */ = {isa = PBXFileReference; fileEncoding = 4; lastKnownFileType = file.xib; name = PPTabBarController.xib; path = PixePixie/Controllers/PPTabBarController.xib; sourceTree = SOURCE_ROOT; };
		A591A21618CEF36B00219E86 /* PPReversibleAnimationController.h */ = {isa = PBXFileReference; fileEncoding = 4; lastKnownFileType = sourcecode.c.h; name = PPReversibleAnimationController.h; path = animation/PPReversibleAnimationController.h; sourceTree = "<group>"; };
		A591A21718CEF36B00219E86 /* PPReversibleAnimationController.m */ = {isa = PBXFileReference; fileEncoding = 4; lastKnownFileType = sourcecode.c.objc; name = PPReversibleAnimationController.m; path = animation/PPReversibleAnimationController.m; sourceTree = "<group>"; };
		A591A21918CEF64200219E86 /* PPPortalAnimationController.h */ = {isa = PBXFileReference; fileEncoding = 4; lastKnownFileType = sourcecode.c.h; name = PPPortalAnimationController.h; path = animation/PPPortalAnimationController.h; sourceTree = "<group>"; };
		A591A21A18CEF64200219E86 /* PPPortalAnimationController.m */ = {isa = PBXFileReference; fileEncoding = 4; lastKnownFileType = sourcecode.c.objc; name = PPPortalAnimationController.m; path = animation/PPPortalAnimationController.m; sourceTree = "<group>"; };
		A591A21C18CF0C8C00219E86 /* PPHomeVC.h */ = {isa = PBXFileReference; fileEncoding = 4; lastKnownFileType = sourcecode.c.h; name = PPHomeVC.h; path = PixePixie/Controllers/PPHomeVC.h; sourceTree = SOURCE_ROOT; };
		A591A21D18CF0C8C00219E86 /* PPHomeVC.m */ = {isa = PBXFileReference; fileEncoding = 4; lastKnownFileType = sourcecode.c.objc; name = PPHomeVC.m; path = PixePixie/Controllers/PPHomeVC.m; sourceTree = SOURCE_ROOT; };
		A5A2944418CAABD2002F866D /* PPPixie.h */ = {isa = PBXFileReference; fileEncoding = 4; lastKnownFileType = sourcecode.c.h; name = PPPixie.h; path = Models/PPPixie.h; sourceTree = "<group>"; };
		A5A2944518CAABD2002F866D /* PPPixie.m */ = {isa = PBXFileReference; fileEncoding = 4; lastKnownFileType = sourcecode.c.objc; name = PPPixie.m; path = Models/PPPixie.m; sourceTree = "<group>"; };
		A5A2944818CAACBF002F866D /* PPStoryboard.storyboard */ = {isa = PBXFileReference; fileEncoding = 4; lastKnownFileType = file.storyboard; path = PPStoryboard.storyboard; sourceTree = "<group>"; };
		A5B786C218CBFE8F00D3E50B /* iCarousel.h */ = {isa = PBXFileReference; fileEncoding = 4; lastKnownFileType = sourcecode.c.h; name = iCarousel.h; path = iCarousel/iCarousel.h; sourceTree = "<group>"; };
		A5B786C318CBFE8F00D3E50B /* iCarousel.m */ = {isa = PBXFileReference; fileEncoding = 4; lastKnownFileType = sourcecode.c.objc; name = iCarousel.m; path = iCarousel/iCarousel.m; sourceTree = "<group>"; };
		A5B786C618CC01A500D3E50B /* PPViews.h */ = {isa = PBXFileReference; fileEncoding = 4; lastKnownFileType = sourcecode.c.h; path = PPViews.h; sourceTree = "<group>"; };
		A5B786C718CC021200D3E50B /* PPCoverflow.h */ = {isa = PBXFileReference; fileEncoding = 4; lastKnownFileType = sourcecode.c.h; path = PPCoverflow.h; sourceTree = "<group>"; };
		A5B786C818CC021200D3E50B /* PPCoverflow.m */ = {isa = PBXFileReference; fileEncoding = 4; lastKnownFileType = sourcecode.c.objc; path = PPCoverflow.m; sourceTree = "<group>"; };
/* End PBXFileReference section */

/* Begin PBXFrameworksBuildPhase section */
		19F6ED9518C6C09900BFFF9A /* Frameworks */ = {
			isa = PBXFrameworksBuildPhase;
			buildActionMask = 2147483647;
			files = (
				19F6ED9E18C6C09900BFFF9A /* CoreGraphics.framework in Frameworks */,
				19F6EDA018C6C09900BFFF9A /* UIKit.framework in Frameworks */,
				19F6EDA218C6C09900BFFF9A /* SpriteKit.framework in Frameworks */,
				19F6ED9C18C6C09900BFFF9A /* Foundation.framework in Frameworks */,
			);
			runOnlyForDeploymentPostprocessing = 0;
		};
/* End PBXFrameworksBuildPhase section */

/* Begin PBXGroup section */
		190BF48918C6C7DB006B0AE6 /* Scenes */ = {
			isa = PBXGroup;
			children = (
				190BF49018C6C9E4006B0AE6 /* PPScenes.h */,
				190BF48A18C6C818006B0AE6 /* MyScene.h */,
				190BF48B18C6C818006B0AE6 /* MyScene.m */,
			);
			name = Scenes;
			sourceTree = "<group>";
		};
		190BF48D18C6C85C006B0AE6 /* Image */ = {
			isa = PBXGroup;
			children = (
				190BF48E18C6C873006B0AE6 /* Spaceship.png */,
			);
			name = Image;
			sourceTree = "<group>";
		};
		1917DFF418C8545200E54F02 /* Models */ = {
			isa = PBXGroup;
			children = (
				1917DFF818C85D8D00E54F02 /* PPModels.h */,
				1917DFF518C8551300E54F02 /* PPElement.h */,
				1917DFF618C8551300E54F02 /* PPElement.m */,
				A5A2944418CAABD2002F866D /* PPPixie.h */,
				A5A2944518CAABD2002F866D /* PPPixie.m */,
			);
			name = Models;
			sourceTree = "<group>";
		};
		19906B8918CB039400C05BA3 /* Configurations */ = {
			isa = PBXGroup;
			children = (
				19906B8E18CB061D00C05BA3 /* Configuration.h */,
				1938054718CB0CAB00EF8691 /* ConfigData.h */,
				1938054818CB0CAB00EF8691 /* ConfigData.m */,
			);
			name = Configurations;
			sourceTree = "<group>";
		};
		19F2FF0818CAF63600E3F446 /* Music */ = {
			isa = PBXGroup;
			children = (
			);
			name = Music;
			sourceTree = "<group>";
		};
		19F2FF0918CAF63C00E3F446 /* Sound */ = {
			isa = PBXGroup;
			children = (
			);
			name = Sound;
			sourceTree = "<group>";
		};
		19F6ED8F18C6C09900BFFF9A = {
			isa = PBXGroup;
			children = (
				19F6EDA318C6C09900BFFF9A /* PixePixie */,
				19F6EDD718C6C65900BFFF9A /* Resource */,
				19F6ED9A18C6C09900BFFF9A /* Frameworks */,
				19F6ED9918C6C09900BFFF9A /* Products */,
			);
			sourceTree = "<group>";
		};
		19F6ED9918C6C09900BFFF9A /* Products */ = {
			isa = PBXGroup;
			children = (
				19F6ED9818C6C09900BFFF9A /* PixelPixie.app */,
			);
			name = Products;
			sourceTree = "<group>";
		};
		19F6ED9A18C6C09900BFFF9A /* Frameworks */ = {
			isa = PBXGroup;
			children = (
				19F6ED9B18C6C09900BFFF9A /* Foundation.framework */,
				19F6ED9D18C6C09900BFFF9A /* CoreGraphics.framework */,
				19F6ED9F18C6C09900BFFF9A /* UIKit.framework */,
				19F6EDA118C6C09900BFFF9A /* SpriteKit.framework */,
				19F6EDC118C6C09900BFFF9A /* XCTest.framework */,
			);
			name = Frameworks;
			sourceTree = "<group>";
		};
		19F6EDA318C6C09900BFFF9A /* PixePixie */ = {
			isa = PBXGroup;
			children = (
				A5A2944818CAACBF002F866D /* PPStoryboard.storyboard */,
				19F6EDAC18C6C09900BFFF9A /* PPAppDelegate.h */,
				19F6EDAD18C6C09900BFFF9A /* PPAppDelegate.m */,
				19906B8918CB039400C05BA3 /* Configurations */,
				A5A2944718CAAC84002F866D /* Controllers */,
				1917DFF418C8545200E54F02 /* Models */,
				A5B786C518CC01A500D3E50B /* Views */,
				A5B786C118CBFE5A00D3E50B /* Library */,
				190BF48918C6C7DB006B0AE6 /* Scenes */,
				19F6EDA418C6C09900BFFF9A /* Supporting Files */,
			);
			path = PixePixie;
			sourceTree = "<group>";
		};
		19F6EDA418C6C09900BFFF9A /* Supporting Files */ = {
			isa = PBXGroup;
			children = (
				19F6EDA918C6C09900BFFF9A /* main.m */,
				19F6EDA618C6C09900BFFF9A /* InfoPlist.strings */,
				19F6EDA518C6C09900BFFF9A /* PixelPixie-Info.plist */,
				19F6EDAB18C6C09900BFFF9A /* PixelPixie-Prefix.pch */,
				19F6EDBA18C6C09900BFFF9A /* Images.xcassets */,
			);
			name = "Supporting Files";
			sourceTree = "<group>";
		};
		19F6EDD718C6C65900BFFF9A /* Resource */ = {
			isa = PBXGroup;
			children = (
				190BF48D18C6C85C006B0AE6 /* Image */,
				19F2FF0818CAF63600E3F446 /* Music */,
				19F2FF0918CAF63C00E3F446 /* Sound */,
			);
			name = Resource;
			sourceTree = "<group>";
		};
		A5A2944718CAAC84002F866D /* Controllers */ = {
			isa = PBXGroup;
			children = (
				19F2FEFB18CAF54600E3F446 /* PPControllers.h */,
				19F2FEFF18CAF54600E3F446 /* PPRootVC.h */,
				19F2FF0018CAF54600E3F446 /* PPRootVC.m */,
				19F2FEFD18CAF54600E3F446 /* PPLoginVC.h */,
				19F2FEFE18CAF54600E3F446 /* PPLoginVC.m */,
				19F2FF0118CAF54600E3F446 /* PPSelectPixieVC.h */,
				19F2FF0218CAF54600E3F446 /* PPSelectPixieVC.m */,
				A591A21C18CF0C8C00219E86 /* PPHomeVC.h */,
				A591A21D18CF0C8C00219E86 /* PPHomeVC.m */,
				A514985518D6A61700AF20D6 /* PPTabBarController.h */,
				A514985618D6A61700AF20D6 /* PPTabBarController.m */,
				A514985818D6A6C900AF20D6 /* PPTabBarController.xib */,
			);
			name = Controllers;
			path = ViewControllers;
			sourceTree = "<group>";
		};
		A5B786C118CBFE5A00D3E50B /* Library */ = {
			isa = PBXGroup;
			children = (
				A5B786C218CBFE8F00D3E50B /* iCarousel.h */,
				A5B786C318CBFE8F00D3E50B /* iCarousel.m */,
				A591A21618CEF36B00219E86 /* PPReversibleAnimationController.h */,
				A591A21718CEF36B00219E86 /* PPReversibleAnimationController.m */,
				A591A21918CEF64200219E86 /* PPPortalAnimationController.h */,
				A591A21A18CEF64200219E86 /* PPPortalAnimationController.m */,
			);
			path = Library;
			sourceTree = "<group>";
		};
		A5B786C518CC01A500D3E50B /* Views */ = {
			isa = PBXGroup;
			children = (
				A5B786C618CC01A500D3E50B /* PPViews.h */,
				A5B786C718CC021200D3E50B /* PPCoverflow.h */,
				A5B786C818CC021200D3E50B /* PPCoverflow.m */,
			);
			path = Views;
			sourceTree = "<group>";
		};
/* End PBXGroup section */

/* Begin PBXNativeTarget section */
		19F6ED9718C6C09900BFFF9A /* PixelPixie */ = {
			isa = PBXNativeTarget;
			buildConfigurationList = 19F6EDD118C6C09900BFFF9A /* Build configuration list for PBXNativeTarget "PixelPixie" */;
			buildPhases = (
				19F6ED9418C6C09900BFFF9A /* Sources */,
				19F6ED9518C6C09900BFFF9A /* Frameworks */,
				19F6ED9618C6C09900BFFF9A /* Resources */,
			);
			buildRules = (
			);
			dependencies = (
			);
			name = PixelPixie;
			productName = PixePixie;
			productReference = 19F6ED9818C6C09900BFFF9A /* PixelPixie.app */;
			productType = "com.apple.product-type.application";
		};
/* End PBXNativeTarget section */

/* Begin PBXProject section */
		19F6ED9018C6C09900BFFF9A /* Project object */ = {
			isa = PBXProject;
			attributes = {
				LastUpgradeCheck = 0500;
				ORGANIZATIONNAME = Psyches;
			};
			buildConfigurationList = 19F6ED9318C6C09900BFFF9A /* Build configuration list for PBXProject "PixelPixie" */;
			compatibilityVersion = "Xcode 3.2";
			developmentRegion = English;
			hasScannedForEncodings = 0;
			knownRegions = (
				en,
				Base,
			);
			mainGroup = 19F6ED8F18C6C09900BFFF9A;
			productRefGroup = 19F6ED9918C6C09900BFFF9A /* Products */;
			projectDirPath = "";
			projectRoot = "";
			targets = (
				19F6ED9718C6C09900BFFF9A /* PixelPixie */,
			);
		};
/* End PBXProject section */

/* Begin PBXResourcesBuildPhase section */
		19F6ED9618C6C09900BFFF9A /* Resources */ = {
			isa = PBXResourcesBuildPhase;
			buildActionMask = 2147483647;
			files = (
				19F6EDA818C6C09900BFFF9A /* InfoPlist.strings in Resources */,
				A514985918D6A6C900AF20D6 /* PPTabBarController.xib in Resources */,
				190BF48F18C6C873006B0AE6 /* Spaceship.png in Resources */,
				19F6EDBB18C6C09900BFFF9A /* Images.xcassets in Resources */,
				A5A2944918CAACBF002F866D /* PPStoryboard.storyboard in Resources */,
			);
			runOnlyForDeploymentPostprocessing = 0;
		};
/* End PBXResourcesBuildPhase section */

/* Begin PBXSourcesBuildPhase section */
		19F6ED9418C6C09900BFFF9A /* Sources */ = {
			isa = PBXSourcesBuildPhase;
			buildActionMask = 2147483647;
			files = (
				19F2FF0418CAF54600E3F446 /* PPLoginVC.m in Sources */,
				A5B786C418CBFE8F00D3E50B /* iCarousel.m in Sources */,
				A591A21B18CEF64200219E86 /* PPPortalAnimationController.m in Sources */,
				190BF48C18C6C818006B0AE6 /* MyScene.m in Sources */,
				19F2FF0618CAF54600E3F446 /* PPSelectPixieVC.m in Sources */,
				A5A2944618CAABD2002F866D /* PPPixie.m in Sources */,
				A591A21818CEF36B00219E86 /* PPReversibleAnimationController.m in Sources */,
				19F2FF0518CAF54600E3F446 /* PPRootVC.m in Sources */,
				A5B786C918CC021200D3E50B /* PPCoverflow.m in Sources */,
				1917DFF718C8551300E54F02 /* PPElement.m in Sources */,
				1938054918CB0CAB00EF8691 /* ConfigData.m in Sources */,
				19F6EDAE18C6C09900BFFF9A /* PPAppDelegate.m in Sources */,
				19F6EDAA18C6C09900BFFF9A /* main.m in Sources */,
				A591A21E18CF0C8C00219E86 /* PPHomeVC.m in Sources */,
				A514985718D6A61700AF20D6 /* PPTabBarController.m in Sources */,
			);
			runOnlyForDeploymentPostprocessing = 0;
		};
/* End PBXSourcesBuildPhase section */

/* Begin PBXVariantGroup section */
		19F6EDA618C6C09900BFFF9A /* InfoPlist.strings */ = {
			isa = PBXVariantGroup;
			children = (
				19F6EDA718C6C09900BFFF9A /* en */,
			);
			name = InfoPlist.strings;
			sourceTree = "<group>";
		};
/* End PBXVariantGroup section */

/* Begin XCBuildConfiguration section */
		19F6EDCF18C6C09900BFFF9A /* Debug */ = {
			isa = XCBuildConfiguration;
			buildSettings = {
				ALWAYS_SEARCH_USER_PATHS = NO;
				ARCHS = "$(ARCHS_STANDARD_INCLUDING_64_BIT)";
				CLANG_CXX_LANGUAGE_STANDARD = "gnu++0x";
				CLANG_CXX_LIBRARY = "libc++";
				CLANG_ENABLE_MODULES = YES;
				CLANG_ENABLE_OBJC_ARC = YES;
				CLANG_WARN_BOOL_CONVERSION = YES;
				CLANG_WARN_CONSTANT_CONVERSION = YES;
				CLANG_WARN_DIRECT_OBJC_ISA_USAGE = YES_ERROR;
				CLANG_WARN_EMPTY_BODY = YES;
				CLANG_WARN_ENUM_CONVERSION = YES;
				CLANG_WARN_INT_CONVERSION = YES;
				CLANG_WARN_OBJC_ROOT_CLASS = YES_ERROR;
				CLANG_WARN__DUPLICATE_METHOD_MATCH = YES;
				"CODE_SIGN_IDENTITY[sdk=iphoneos*]" = "iPhone Developer";
				COPY_PHASE_STRIP = NO;
				GCC_C_LANGUAGE_STANDARD = gnu99;
				GCC_DYNAMIC_NO_PIC = NO;
				GCC_OPTIMIZATION_LEVEL = 0;
				GCC_PREPROCESSOR_DEFINITIONS = (
					"DEBUG=1",
					"$(inherited)",
				);
				GCC_SYMBOLS_PRIVATE_EXTERN = NO;
				GCC_WARN_64_TO_32_BIT_CONVERSION = YES;
				GCC_WARN_ABOUT_RETURN_TYPE = YES_ERROR;
				GCC_WARN_UNDECLARED_SELECTOR = YES;
				GCC_WARN_UNINITIALIZED_AUTOS = YES;
				GCC_WARN_UNUSED_FUNCTION = YES;
				GCC_WARN_UNUSED_VARIABLE = YES;
				IPHONEOS_DEPLOYMENT_TARGET = 7.0;
				ONLY_ACTIVE_ARCH = YES;
				SDKROOT = iphoneos;
			};
			name = Debug;
		};
		19F6EDD018C6C09900BFFF9A /* Release */ = {
			isa = XCBuildConfiguration;
			buildSettings = {
				ALWAYS_SEARCH_USER_PATHS = NO;
				ARCHS = "$(ARCHS_STANDARD_INCLUDING_64_BIT)";
				CLANG_CXX_LANGUAGE_STANDARD = "gnu++0x";
				CLANG_CXX_LIBRARY = "libc++";
				CLANG_ENABLE_MODULES = YES;
				CLANG_ENABLE_OBJC_ARC = YES;
				CLANG_WARN_BOOL_CONVERSION = YES;
				CLANG_WARN_CONSTANT_CONVERSION = YES;
				CLANG_WARN_DIRECT_OBJC_ISA_USAGE = YES_ERROR;
				CLANG_WARN_EMPTY_BODY = YES;
				CLANG_WARN_ENUM_CONVERSION = YES;
				CLANG_WARN_INT_CONVERSION = YES;
				CLANG_WARN_OBJC_ROOT_CLASS = YES_ERROR;
				CLANG_WARN__DUPLICATE_METHOD_MATCH = YES;
				"CODE_SIGN_IDENTITY[sdk=iphoneos*]" = "iPhone Developer";
				COPY_PHASE_STRIP = YES;
				ENABLE_NS_ASSERTIONS = NO;
				GCC_C_LANGUAGE_STANDARD = gnu99;
				GCC_WARN_64_TO_32_BIT_CONVERSION = YES;
				GCC_WARN_ABOUT_RETURN_TYPE = YES_ERROR;
				GCC_WARN_UNDECLARED_SELECTOR = YES;
				GCC_WARN_UNINITIALIZED_AUTOS = YES;
				GCC_WARN_UNUSED_FUNCTION = YES;
				GCC_WARN_UNUSED_VARIABLE = YES;
				IPHONEOS_DEPLOYMENT_TARGET = 7.0;
				SDKROOT = iphoneos;
				VALIDATE_PRODUCT = YES;
			};
			name = Release;
		};
		19F6EDD218C6C09900BFFF9A /* Debug */ = {
			isa = XCBuildConfiguration;
			buildSettings = {
				ASSETCATALOG_COMPILER_APPICON_NAME = AppIcon;
				ASSETCATALOG_COMPILER_LAUNCHIMAGE_NAME = LaunchImage;
				GCC_PRECOMPILE_PREFIX_HEADER = YES;
				GCC_PREFIX_HEADER = "PixePixie/PixelPixie-Prefix.pch";
				INFOPLIST_FILE = "PixePixie/PixelPixie-Info.plist";
				PRODUCT_NAME = PixelPixie;
				SPRITEKIT_TEXTURE_ATLAS_OUTPUT = YES;
				TARGETED_DEVICE_FAMILY = 1;
				WRAPPER_EXTENSION = app;
			};
			name = Debug;
		};
		19F6EDD318C6C09900BFFF9A /* Release */ = {
			isa = XCBuildConfiguration;
			buildSettings = {
				ASSETCATALOG_COMPILER_APPICON_NAME = AppIcon;
				ASSETCATALOG_COMPILER_LAUNCHIMAGE_NAME = LaunchImage;
				GCC_PRECOMPILE_PREFIX_HEADER = YES;
				GCC_PREFIX_HEADER = "PixePixie/PixelPixie-Prefix.pch";
				INFOPLIST_FILE = "PixePixie/PixelPixie-Info.plist";
				PRODUCT_NAME = PixelPixie;
				SPRITEKIT_TEXTURE_ATLAS_OUTPUT = YES;
				TARGETED_DEVICE_FAMILY = 1;
				WRAPPER_EXTENSION = app;
			};
			name = Release;
		};
/* End XCBuildConfiguration section */

/* Begin XCConfigurationList section */
		19F6ED9318C6C09900BFFF9A /* Build configuration list for PBXProject "PixelPixie" */ = {
			isa = XCConfigurationList;
			buildConfigurations = (
				19F6EDCF18C6C09900BFFF9A /* Debug */,
				19F6EDD018C6C09900BFFF9A /* Release */,
			);
			defaultConfigurationIsVisible = 0;
			defaultConfigurationName = Release;
		};
		19F6EDD118C6C09900BFFF9A /* Build configuration list for PBXNativeTarget "PixelPixie" */ = {
			isa = XCConfigurationList;
			buildConfigurations = (
				19F6EDD218C6C09900BFFF9A /* Debug */,
				19F6EDD318C6C09900BFFF9A /* Release */,
			);
			defaultConfigurationIsVisible = 0;
			defaultConfigurationName = Release;
		};
/* End XCConfigurationList section */
	};
	rootObject = 19F6ED9018C6C09900BFFF9A /* Project object */;
}
