// !$*UTF8*$!
{
	archiveVersion = 1;
	classes = {
	};
	objectVersion = 46;
	objects = {

/* Begin PBXBuildFile section */
		190CF0751912277400370760 /* ball_earth.png in Resources */ = {isa = PBXBuildFile; fileRef = 190CF0701912277400370760 /* ball_earth.png */; };
		190CF0761912277400370760 /* ball_fire.png in Resources */ = {isa = PBXBuildFile; fileRef = 190CF0711912277400370760 /* ball_fire.png */; };
		190CF0771912277400370760 /* ball_metal.png in Resources */ = {isa = PBXBuildFile; fileRef = 190CF0721912277400370760 /* ball_metal.png */; };
		190CF0781912277400370760 /* ball_plant.png in Resources */ = {isa = PBXBuildFile; fileRef = 190CF0731912277400370760 /* ball_plant.png */; };
		190CF0791912277400370760 /* ball_water.png in Resources */ = {isa = PBXBuildFile; fileRef = 190CF0741912277400370760 /* ball_water.png */; };
		190CF0801912309D00370760 /* pixie_plant2_battle0.png in Resources */ = {isa = PBXBuildFile; fileRef = 190CF07C1912309D00370760 /* pixie_plant2_battle0.png */; };
		190CF0811912309D00370760 /* pixie_plant2_battle1.png in Resources */ = {isa = PBXBuildFile; fileRef = 190CF07D1912309D00370760 /* pixie_plant2_battle1.png */; };
		190CF0821912309D00370760 /* pixie_plant3_battle0.png in Resources */ = {isa = PBXBuildFile; fileRef = 190CF07E1912309D00370760 /* pixie_plant3_battle0.png */; };
		190CF0831912309D00370760 /* pixie_plant3_battle1.png in Resources */ = {isa = PBXBuildFile; fileRef = 190CF07F1912309D00370760 /* pixie_plant3_battle1.png */; };
		190CF086191230AD00370760 /* ball_pixie_plant2.png in Resources */ = {isa = PBXBuildFile; fileRef = 190CF084191230AD00370760 /* ball_pixie_plant2.png */; };
		190CF087191230AD00370760 /* ball_pixie_plant3.png in Resources */ = {isa = PBXBuildFile; fileRef = 190CF085191230AD00370760 /* ball_pixie_plant3.png */; };
		190CF08A191230C700370760 /* bg_01.png in Resources */ = {isa = PBXBuildFile; fileRef = 190CF089191230C700370760 /* bg_01.png */; };
		19145DF01913F472005C6AD4 /* 陷阱0001.png in Resources */ = {isa = PBXBuildFile; fileRef = 19145DBE1913F472005C6AD4 /* 陷阱0001.png */; };
		19145DF11913F472005C6AD4 /* 陷阱0002.png in Resources */ = {isa = PBXBuildFile; fileRef = 19145DBF1913F472005C6AD4 /* 陷阱0002.png */; };
		19145DF21913F472005C6AD4 /* 陷阱0003.png in Resources */ = {isa = PBXBuildFile; fileRef = 19145DC01913F472005C6AD4 /* 陷阱0003.png */; };
		19145DF31913F472005C6AD4 /* 陷阱0004.png in Resources */ = {isa = PBXBuildFile; fileRef = 19145DC11913F472005C6AD4 /* 陷阱0004.png */; };
		19145DF41913F472005C6AD4 /* 陷阱0005.png in Resources */ = {isa = PBXBuildFile; fileRef = 19145DC21913F472005C6AD4 /* 陷阱0005.png */; };
		19145DF51913F472005C6AD4 /* 陷阱0006.png in Resources */ = {isa = PBXBuildFile; fileRef = 19145DC31913F472005C6AD4 /* 陷阱0006.png */; };
		19145DF61913F472005C6AD4 /* 陷阱0007.png in Resources */ = {isa = PBXBuildFile; fileRef = 19145DC41913F472005C6AD4 /* 陷阱0007.png */; };
		19145DF71913F472005C6AD4 /* 陷阱0008.png in Resources */ = {isa = PBXBuildFile; fileRef = 19145DC51913F472005C6AD4 /* 陷阱0008.png */; };
		19145DF81913F472005C6AD4 /* 陷阱0009.png in Resources */ = {isa = PBXBuildFile; fileRef = 19145DC61913F472005C6AD4 /* 陷阱0009.png */; };
		19145DF91913F472005C6AD4 /* 陷阱0010.png in Resources */ = {isa = PBXBuildFile; fileRef = 19145DC71913F472005C6AD4 /* 陷阱0010.png */; };
		19145DFA1913F472005C6AD4 /* 陷阱0011.png in Resources */ = {isa = PBXBuildFile; fileRef = 19145DC81913F472005C6AD4 /* 陷阱0011.png */; };
		19145DFB1913F472005C6AD4 /* 陷阱0012.png in Resources */ = {isa = PBXBuildFile; fileRef = 19145DC91913F472005C6AD4 /* 陷阱0012.png */; };
		19145DFC1913F472005C6AD4 /* 陷阱0013.png in Resources */ = {isa = PBXBuildFile; fileRef = 19145DCA1913F472005C6AD4 /* 陷阱0013.png */; };
		19145DFD1913F472005C6AD4 /* 陷阱0014.png in Resources */ = {isa = PBXBuildFile; fileRef = 19145DCB1913F472005C6AD4 /* 陷阱0014.png */; };
		19145DFE1913F472005C6AD4 /* 陷阱0015.png in Resources */ = {isa = PBXBuildFile; fileRef = 19145DCC1913F472005C6AD4 /* 陷阱0015.png */; };
		19145DFF1913F472005C6AD4 /* 陷阱0016.png in Resources */ = {isa = PBXBuildFile; fileRef = 19145DCD1913F472005C6AD4 /* 陷阱0016.png */; };
		19145E001913F472005C6AD4 /* 陷阱0017.png in Resources */ = {isa = PBXBuildFile; fileRef = 19145DCE1913F472005C6AD4 /* 陷阱0017.png */; };
		19145E011913F472005C6AD4 /* 陷阱0018.png in Resources */ = {isa = PBXBuildFile; fileRef = 19145DCF1913F472005C6AD4 /* 陷阱0018.png */; };
		19145E021913F472005C6AD4 /* 陷阱0019.png in Resources */ = {isa = PBXBuildFile; fileRef = 19145DD01913F472005C6AD4 /* 陷阱0019.png */; };
		19145E031913F472005C6AD4 /* 陷阱0020.png in Resources */ = {isa = PBXBuildFile; fileRef = 19145DD11913F472005C6AD4 /* 陷阱0020.png */; };
		19145E041913F472005C6AD4 /* 陷阱0021.png in Resources */ = {isa = PBXBuildFile; fileRef = 19145DD21913F472005C6AD4 /* 陷阱0021.png */; };
		19145E051913F472005C6AD4 /* 陷阱0022.png in Resources */ = {isa = PBXBuildFile; fileRef = 19145DD31913F472005C6AD4 /* 陷阱0022.png */; };
		19145E061913F472005C6AD4 /* 陷阱0023.png in Resources */ = {isa = PBXBuildFile; fileRef = 19145DD41913F472005C6AD4 /* 陷阱0023.png */; };
		19145E071913F472005C6AD4 /* 陷阱0024.png in Resources */ = {isa = PBXBuildFile; fileRef = 19145DD51913F472005C6AD4 /* 陷阱0024.png */; };
		19145E081913F472005C6AD4 /* 陷阱0025.png in Resources */ = {isa = PBXBuildFile; fileRef = 19145DD61913F472005C6AD4 /* 陷阱0025.png */; };
		19145E091913F472005C6AD4 /* 陷阱0026.png in Resources */ = {isa = PBXBuildFile; fileRef = 19145DD71913F472005C6AD4 /* 陷阱0026.png */; };
		19145E0A1913F472005C6AD4 /* 陷阱0027.png in Resources */ = {isa = PBXBuildFile; fileRef = 19145DD81913F472005C6AD4 /* 陷阱0027.png */; };
		19145E0B1913F472005C6AD4 /* 陷阱0028.png in Resources */ = {isa = PBXBuildFile; fileRef = 19145DD91913F472005C6AD4 /* 陷阱0028.png */; };
		19145E0C1913F472005C6AD4 /* 陷阱0029.png in Resources */ = {isa = PBXBuildFile; fileRef = 19145DDA1913F472005C6AD4 /* 陷阱0029.png */; };
		19145E0D1913F472005C6AD4 /* 陷阱0030.png in Resources */ = {isa = PBXBuildFile; fileRef = 19145DDB1913F472005C6AD4 /* 陷阱0030.png */; };
		19145E0E1913F472005C6AD4 /* 陷阱0031.png in Resources */ = {isa = PBXBuildFile; fileRef = 19145DDC1913F472005C6AD4 /* 陷阱0031.png */; };
		19145E0F1913F472005C6AD4 /* 陷阱0032.png in Resources */ = {isa = PBXBuildFile; fileRef = 19145DDD1913F472005C6AD4 /* 陷阱0032.png */; };
		19145E101913F472005C6AD4 /* 陷阱0033.png in Resources */ = {isa = PBXBuildFile; fileRef = 19145DDE1913F472005C6AD4 /* 陷阱0033.png */; };
		19145E111913F472005C6AD4 /* 陷阱0034.png in Resources */ = {isa = PBXBuildFile; fileRef = 19145DDF1913F472005C6AD4 /* 陷阱0034.png */; };
		19145E121913F472005C6AD4 /* 陷阱0035.png in Resources */ = {isa = PBXBuildFile; fileRef = 19145DE01913F472005C6AD4 /* 陷阱0035.png */; };
		19145E131913F472005C6AD4 /* 陷阱0036.png in Resources */ = {isa = PBXBuildFile; fileRef = 19145DE11913F472005C6AD4 /* 陷阱0036.png */; };
		19145E141913F472005C6AD4 /* 陷阱0037.png in Resources */ = {isa = PBXBuildFile; fileRef = 19145DE21913F472005C6AD4 /* 陷阱0037.png */; };
		19145E151913F472005C6AD4 /* 陷阱0038.png in Resources */ = {isa = PBXBuildFile; fileRef = 19145DE31913F472005C6AD4 /* 陷阱0038.png */; };
		19145E161913F472005C6AD4 /* 陷阱0039.png in Resources */ = {isa = PBXBuildFile; fileRef = 19145DE41913F472005C6AD4 /* 陷阱0039.png */; };
		19145E171913F472005C6AD4 /* 陷阱0040.png in Resources */ = {isa = PBXBuildFile; fileRef = 19145DE51913F472005C6AD4 /* 陷阱0040.png */; };
		19145E181913F472005C6AD4 /* 陷阱0041.png in Resources */ = {isa = PBXBuildFile; fileRef = 19145DE61913F472005C6AD4 /* 陷阱0041.png */; };
		19145E191913F472005C6AD4 /* 陷阱0042.png in Resources */ = {isa = PBXBuildFile; fileRef = 19145DE71913F472005C6AD4 /* 陷阱0042.png */; };
		19145E1A1913F472005C6AD4 /* 陷阱0043.png in Resources */ = {isa = PBXBuildFile; fileRef = 19145DE81913F472005C6AD4 /* 陷阱0043.png */; };
		19145E1B1913F472005C6AD4 /* 陷阱0044.png in Resources */ = {isa = PBXBuildFile; fileRef = 19145DE91913F472005C6AD4 /* 陷阱0044.png */; };
		19145E1C1913F472005C6AD4 /* 陷阱0045.png in Resources */ = {isa = PBXBuildFile; fileRef = 19145DEA1913F472005C6AD4 /* 陷阱0045.png */; };
		19145E1D1913F472005C6AD4 /* 陷阱0046.png in Resources */ = {isa = PBXBuildFile; fileRef = 19145DEB1913F472005C6AD4 /* 陷阱0046.png */; };
		19145E1E1913F472005C6AD4 /* 陷阱0047.png in Resources */ = {isa = PBXBuildFile; fileRef = 19145DEC1913F472005C6AD4 /* 陷阱0047.png */; };
		19145E1F1913F472005C6AD4 /* 陷阱0048.png in Resources */ = {isa = PBXBuildFile; fileRef = 19145DED1913F472005C6AD4 /* 陷阱0048.png */; };
		19145E201913F472005C6AD4 /* 陷阱0049.png in Resources */ = {isa = PBXBuildFile; fileRef = 19145DEE1913F472005C6AD4 /* 陷阱0049.png */; };
		19145E211913F472005C6AD4 /* 陷阱0050.png in Resources */ = {isa = PBXBuildFile; fileRef = 19145DEF1913F472005C6AD4 /* 陷阱0050.png */; };
		1917DFF718C8551300E54F02 /* PPElement.m in Sources */ = {isa = PBXBuildFile; fileRef = 1917DFF618C8551300E54F02 /* PPElement.m */; };
		1938054918CB0CAB00EF8691 /* ConfigData.m in Sources */ = {isa = PBXBuildFile; fileRef = 1938054818CB0CAB00EF8691 /* ConfigData.m */; };
		193C25DA1913EF9500E2C1BA /* bg_02.jpg in Resources */ = {isa = PBXBuildFile; fileRef = 193C25D91913EF9500E2C1BA /* bg_02.jpg */; };
		193C25E11913F00400E2C1BA /* Cirrus0001.png in Resources */ = {isa = PBXBuildFile; fileRef = 193C25DC1913F00400E2C1BA /* Cirrus0001.png */; };
		193C25E21913F00400E2C1BA /* Cirrus0002.png in Resources */ = {isa = PBXBuildFile; fileRef = 193C25DD1913F00400E2C1BA /* Cirrus0002.png */; };
		193C25E31913F00400E2C1BA /* Cirrus0003.png in Resources */ = {isa = PBXBuildFile; fileRef = 193C25DE1913F00400E2C1BA /* Cirrus0003.png */; };
		193C25E41913F00400E2C1BA /* Cirrus0004.png in Resources */ = {isa = PBXBuildFile; fileRef = 193C25DF1913F00400E2C1BA /* Cirrus0004.png */; };
		193C25E51913F00400E2C1BA /* Cirrus0005.png in Resources */ = {isa = PBXBuildFile; fileRef = 193C25E01913F00400E2C1BA /* Cirrus0005.png */; };
		194E6AC8190A01130098F599 /* ConstantData.m in Sources */ = {isa = PBXBuildFile; fileRef = 194E6AC7190A01130098F599 /* ConstantData.m */; };
		1959D5F31914E05300865D27 /* PPBattleScene.m in Sources */ = {isa = PBXBuildFile; fileRef = 1959D5F21914E05300865D27 /* PPBattleScene.m */; };
		1959D669191515C900865D27 /* 变身效果01000.png in Resources */ = {isa = PBXBuildFile; fileRef = 1959D63D191515C900865D27 /* 变身效果01000.png */; };
		1959D66A191515C900865D27 /* 变身效果01001.png in Resources */ = {isa = PBXBuildFile; fileRef = 1959D63E191515C900865D27 /* 变身效果01001.png */; };
		1959D66B191515C900865D27 /* 变身效果01002.png in Resources */ = {isa = PBXBuildFile; fileRef = 1959D63F191515C900865D27 /* 变身效果01002.png */; };
		1959D66C191515C900865D27 /* 变身效果01003.png in Resources */ = {isa = PBXBuildFile; fileRef = 1959D640191515C900865D27 /* 变身效果01003.png */; };
		1959D66D191515C900865D27 /* 变身效果01004.png in Resources */ = {isa = PBXBuildFile; fileRef = 1959D641191515C900865D27 /* 变身效果01004.png */; };
		1959D66E191515C900865D27 /* 变身效果01005.png in Resources */ = {isa = PBXBuildFile; fileRef = 1959D642191515C900865D27 /* 变身效果01005.png */; };
		1959D66F191515C900865D27 /* 变身效果01006.png in Resources */ = {isa = PBXBuildFile; fileRef = 1959D643191515C900865D27 /* 变身效果01006.png */; };
		1959D670191515C900865D27 /* 变身效果01007.png in Resources */ = {isa = PBXBuildFile; fileRef = 1959D644191515C900865D27 /* 变身效果01007.png */; };
		1959D671191515C900865D27 /* 变身效果01008.png in Resources */ = {isa = PBXBuildFile; fileRef = 1959D645191515C900865D27 /* 变身效果01008.png */; };
		1959D672191515C900865D27 /* 变身效果01009.png in Resources */ = {isa = PBXBuildFile; fileRef = 1959D646191515C900865D27 /* 变身效果01009.png */; };
		1959D673191515C900865D27 /* 变身效果01010.png in Resources */ = {isa = PBXBuildFile; fileRef = 1959D647191515C900865D27 /* 变身效果01010.png */; };
		1959D674191515C900865D27 /* 变身效果01011.png in Resources */ = {isa = PBXBuildFile; fileRef = 1959D648191515C900865D27 /* 变身效果01011.png */; };
		1959D675191515C900865D27 /* 变身效果01012.png in Resources */ = {isa = PBXBuildFile; fileRef = 1959D649191515C900865D27 /* 变身效果01012.png */; };
		1959D676191515C900865D27 /* 变身效果01013.png in Resources */ = {isa = PBXBuildFile; fileRef = 1959D64A191515C900865D27 /* 变身效果01013.png */; };
		1959D677191515C900865D27 /* 变身效果01014.png in Resources */ = {isa = PBXBuildFile; fileRef = 1959D64B191515C900865D27 /* 变身效果01014.png */; };
		1959D678191515C900865D27 /* 变身效果01015.png in Resources */ = {isa = PBXBuildFile; fileRef = 1959D64C191515C900865D27 /* 变身效果01015.png */; };
		1959D679191515C900865D27 /* 变身效果01016.png in Resources */ = {isa = PBXBuildFile; fileRef = 1959D64D191515C900865D27 /* 变身效果01016.png */; };
		1959D67A191515C900865D27 /* 变身效果01017.png in Resources */ = {isa = PBXBuildFile; fileRef = 1959D64E191515C900865D27 /* 变身效果01017.png */; };
		1959D67B191515C900865D27 /* 变身效果01018.png in Resources */ = {isa = PBXBuildFile; fileRef = 1959D64F191515C900865D27 /* 变身效果01018.png */; };
		1959D67C191515C900865D27 /* 变身效果01019.png in Resources */ = {isa = PBXBuildFile; fileRef = 1959D650191515C900865D27 /* 变身效果01019.png */; };
		1959D67D191515C900865D27 /* 变身效果01020.png in Resources */ = {isa = PBXBuildFile; fileRef = 1959D651191515C900865D27 /* 变身效果01020.png */; };
		1959D67E191515C900865D27 /* 变身效果01021.png in Resources */ = {isa = PBXBuildFile; fileRef = 1959D652191515C900865D27 /* 变身效果01021.png */; };
		1959D67F191515C900865D27 /* 变身效果01022.png in Resources */ = {isa = PBXBuildFile; fileRef = 1959D653191515C900865D27 /* 变身效果01022.png */; };
		1959D680191515C900865D27 /* 变身效果01023.png in Resources */ = {isa = PBXBuildFile; fileRef = 1959D654191515C900865D27 /* 变身效果01023.png */; };
		1959D681191515C900865D27 /* 变身效果01024.png in Resources */ = {isa = PBXBuildFile; fileRef = 1959D655191515C900865D27 /* 变身效果01024.png */; };
		1959D682191515C900865D27 /* 变身效果01025.png in Resources */ = {isa = PBXBuildFile; fileRef = 1959D656191515C900865D27 /* 变身效果01025.png */; };
		1959D683191515C900865D27 /* 变身效果01026.png in Resources */ = {isa = PBXBuildFile; fileRef = 1959D657191515C900865D27 /* 变身效果01026.png */; };
		1959D684191515C900865D27 /* 变身效果01027.png in Resources */ = {isa = PBXBuildFile; fileRef = 1959D658191515C900865D27 /* 变身效果01027.png */; };
		1959D685191515C900865D27 /* 变身效果01028.png in Resources */ = {isa = PBXBuildFile; fileRef = 1959D659191515C900865D27 /* 变身效果01028.png */; };
		1959D686191515C900865D27 /* 变身效果01029.png in Resources */ = {isa = PBXBuildFile; fileRef = 1959D65A191515C900865D27 /* 变身效果01029.png */; };
		1959D687191515C900865D27 /* 变身效果01030.png in Resources */ = {isa = PBXBuildFile; fileRef = 1959D65B191515C900865D27 /* 变身效果01030.png */; };
		1959D688191515C900865D27 /* 变身效果01031.png in Resources */ = {isa = PBXBuildFile; fileRef = 1959D65C191515C900865D27 /* 变身效果01031.png */; };
		1959D689191515C900865D27 /* 变身效果01032.png in Resources */ = {isa = PBXBuildFile; fileRef = 1959D65D191515C900865D27 /* 变身效果01032.png */; };
		1959D68A191515C900865D27 /* 变身效果01033.png in Resources */ = {isa = PBXBuildFile; fileRef = 1959D65E191515C900865D27 /* 变身效果01033.png */; };
		1959D68B191515C900865D27 /* 变身效果01034.png in Resources */ = {isa = PBXBuildFile; fileRef = 1959D65F191515C900865D27 /* 变身效果01034.png */; };
		1959D68C191515C900865D27 /* 变身效果01035.png in Resources */ = {isa = PBXBuildFile; fileRef = 1959D660191515C900865D27 /* 变身效果01035.png */; };
		1959D68D191515C900865D27 /* 变身效果01036.png in Resources */ = {isa = PBXBuildFile; fileRef = 1959D661191515C900865D27 /* 变身效果01036.png */; };
		1959D68E191515C900865D27 /* 变身效果01037.png in Resources */ = {isa = PBXBuildFile; fileRef = 1959D662191515C900865D27 /* 变身效果01037.png */; };
		1959D68F191515C900865D27 /* 变身效果01038.png in Resources */ = {isa = PBXBuildFile; fileRef = 1959D663191515C900865D27 /* 变身效果01038.png */; };
		1959D690191515C900865D27 /* 变身效果01039.png in Resources */ = {isa = PBXBuildFile; fileRef = 1959D664191515C900865D27 /* 变身效果01039.png */; };
		1959D691191515C900865D27 /* 变身效果01040.png in Resources */ = {isa = PBXBuildFile; fileRef = 1959D665191515C900865D27 /* 变身效果01040.png */; };
		1959D692191515C900865D27 /* 变身效果01041.png in Resources */ = {isa = PBXBuildFile; fileRef = 1959D666191515C900865D27 /* 变身效果01041.png */; };
		1959D693191515C900865D27 /* 变身效果01042.png in Resources */ = {isa = PBXBuildFile; fileRef = 1959D667191515C900865D27 /* 变身效果01042.png */; };
		1959D694191515C900865D27 /* 变身效果01043.png in Resources */ = {isa = PBXBuildFile; fileRef = 1959D668191515C900865D27 /* 变身效果01043.png */; };
		1959D69619152E9700865D27 /* skill_plant.png in Resources */ = {isa = PBXBuildFile; fileRef = 1959D69519152E9700865D27 /* skill_plant.png */; };
		19C930B118EC2591001B4358 /* PPSkill.m in Sources */ = {isa = PBXBuildFile; fileRef = 19C930B018EC2591001B4358 /* PPSkill.m */; };
		19C930B418EC260C001B4358 /* PPBuff.m in Sources */ = {isa = PBXBuildFile; fileRef = 19C930B318EC260C001B4358 /* PPBuff.m */; };
		19CBA8BD1907C6D400A249AB /* PPBallScene.m in Sources */ = {isa = PBXBuildFile; fileRef = 19CBA8BC1907C6D400A249AB /* PPBallScene.m */; };
		19CBA8C01907C6FD00A249AB /* PPBallViewController.m in Sources */ = {isa = PBXBuildFile; fileRef = 19CBA8BF1907C6FD00A249AB /* PPBallViewController.m */; };
		19CBA8C31907C77600A249AB /* PPBall.m in Sources */ = {isa = PBXBuildFile; fileRef = 19CBA8C21907C77600A249AB /* PPBall.m */; };
		19CBA8C61907C7D000A249AB /* PPPlayer.m in Sources */ = {isa = PBXBuildFile; fileRef = 19CBA8C51907C7D000A249AB /* PPPlayer.m */; };
		19CBA8C91907C91E00A249AB /* PPPixie.m in Sources */ = {isa = PBXBuildFile; fileRef = 19CBA8C81907C91E00A249AB /* PPPixie.m */; };
		19F6ED9C18C6C09900BFFF9A /* Foundation.framework in Frameworks */ = {isa = PBXBuildFile; fileRef = 19F6ED9B18C6C09900BFFF9A /* Foundation.framework */; };
		19F6ED9E18C6C09900BFFF9A /* CoreGraphics.framework in Frameworks */ = {isa = PBXBuildFile; fileRef = 19F6ED9D18C6C09900BFFF9A /* CoreGraphics.framework */; };
		19F6EDA018C6C09900BFFF9A /* UIKit.framework in Frameworks */ = {isa = PBXBuildFile; fileRef = 19F6ED9F18C6C09900BFFF9A /* UIKit.framework */; };
		19F6EDA218C6C09900BFFF9A /* SpriteKit.framework in Frameworks */ = {isa = PBXBuildFile; fileRef = 19F6EDA118C6C09900BFFF9A /* SpriteKit.framework */; };
		19F6EDA818C6C09900BFFF9A /* InfoPlist.strings in Resources */ = {isa = PBXBuildFile; fileRef = 19F6EDA618C6C09900BFFF9A /* InfoPlist.strings */; };
		19F6EDAA18C6C09900BFFF9A /* main.m in Sources */ = {isa = PBXBuildFile; fileRef = 19F6EDA918C6C09900BFFF9A /* main.m */; };
		19F6EDAE18C6C09900BFFF9A /* PPAppDelegate.m in Sources */ = {isa = PBXBuildFile; fileRef = 19F6EDAD18C6C09900BFFF9A /* PPAppDelegate.m */; };
		19F6EDBB18C6C09900BFFF9A /* Images.xcassets in Resources */ = {isa = PBXBuildFile; fileRef = 19F6EDBA18C6C09900BFFF9A /* Images.xcassets */; };
		A50D272218DA8B2600641430 /* PPHomeVC.m in Sources */ = {isa = PBXBuildFile; fileRef = A50D271618DA8B2600641430 /* PPHomeVC.m */; };
		A50D272318DA8B2600641430 /* PPLoginVC.m in Sources */ = {isa = PBXBuildFile; fileRef = A50D271818DA8B2600641430 /* PPLoginVC.m */; };
		A50D272518DA8B2600641430 /* PPRootVC.m in Sources */ = {isa = PBXBuildFile; fileRef = A50D271C18DA8B2600641430 /* PPRootVC.m */; };
		A50D272618DA8B2600641430 /* PPSelectPixieVC.m in Sources */ = {isa = PBXBuildFile; fileRef = A50D271E18DA8B2600641430 /* PPSelectPixieVC.m */; };
		A50D272718DA8B2600641430 /* PPTabBarController.m in Sources */ = {isa = PBXBuildFile; fileRef = A50D272018DA8B2600641430 /* PPTabBarController.m */; };
		A50D272818DA8B2600641430 /* PPTabBarController.xib in Resources */ = {isa = PBXBuildFile; fileRef = A50D272118DA8B2600641430 /* PPTabBarController.xib */; };
		A50D272C18DA982000641430 /* PPMenuVC.m in Sources */ = {isa = PBXBuildFile; fileRef = A50D272B18DA982000641430 /* PPMenuVC.m */; };
		A50D277B18DAD45E00641430 /* PPMenuVC.xib in Resources */ = {isa = PBXBuildFile; fileRef = A50D277A18DAD45E00641430 /* PPMenuVC.xib */; };
		A50D277E18DADF1A00641430 /* PPMenuPixieVC.m in Sources */ = {isa = PBXBuildFile; fileRef = A50D277D18DADF1A00641430 /* PPMenuPixieVC.m */; };
		A50D278118DADF6F00641430 /* PPMenuPackVC.m in Sources */ = {isa = PBXBuildFile; fileRef = A50D278018DADF6F00641430 /* PPMenuPackVC.m */; };
		A50D278418DADFA500641430 /* PPMenuFightVC.m in Sources */ = {isa = PBXBuildFile; fileRef = A50D278318DADFA500641430 /* PPMenuFightVC.m */; };
		A50D278718DADFBF00641430 /* PPMenuShopVC.m in Sources */ = {isa = PBXBuildFile; fileRef = A50D278618DADFBF00641430 /* PPMenuShopVC.m */; };
		A50D278A18DADFD600641430 /* PPMenuSettingVC.m in Sources */ = {isa = PBXBuildFile; fileRef = A50D278918DADFD600641430 /* PPMenuSettingVC.m */; };
		A591A21818CEF36B00219E86 /* PPReversibleAnimationController.m in Sources */ = {isa = PBXBuildFile; fileRef = A591A21718CEF36B00219E86 /* PPReversibleAnimationController.m */; };
		A591A21B18CEF64200219E86 /* PPPortalAnimationController.m in Sources */ = {isa = PBXBuildFile; fileRef = A591A21A18CEF64200219E86 /* PPPortalAnimationController.m */; };
		A5A2944918CAACBF002F866D /* PPStoryboard.storyboard in Resources */ = {isa = PBXBuildFile; fileRef = A5A2944818CAACBF002F866D /* PPStoryboard.storyboard */; };
		A5B786C418CBFE8F00D3E50B /* iCarousel.m in Sources */ = {isa = PBXBuildFile; fileRef = A5B786C318CBFE8F00D3E50B /* iCarousel.m */; };
		A5B786C918CC021200D3E50B /* PPCoverflow.m in Sources */ = {isa = PBXBuildFile; fileRef = A5B786C818CC021200D3E50B /* PPCoverflow.m */; };
/* End PBXBuildFile section */

/* Begin PBXFileReference section */
		190CF0701912277400370760 /* ball_earth.png */ = {isa = PBXFileReference; lastKnownFileType = image.png; name = ball_earth.png; path = Resource/Image/balls_element/ball_earth.png; sourceTree = "<group>"; };
		190CF0711912277400370760 /* ball_fire.png */ = {isa = PBXFileReference; lastKnownFileType = image.png; name = ball_fire.png; path = Resource/Image/balls_element/ball_fire.png; sourceTree = "<group>"; };
		190CF0721912277400370760 /* ball_metal.png */ = {isa = PBXFileReference; lastKnownFileType = image.png; name = ball_metal.png; path = Resource/Image/balls_element/ball_metal.png; sourceTree = "<group>"; };
		190CF0731912277400370760 /* ball_plant.png */ = {isa = PBXFileReference; lastKnownFileType = image.png; name = ball_plant.png; path = Resource/Image/balls_element/ball_plant.png; sourceTree = "<group>"; };
		190CF0741912277400370760 /* ball_water.png */ = {isa = PBXFileReference; lastKnownFileType = image.png; name = ball_water.png; path = Resource/Image/balls_element/ball_water.png; sourceTree = "<group>"; };
		190CF07C1912309D00370760 /* pixie_plant2_battle0.png */ = {isa = PBXFileReference; lastKnownFileType = image.png; name = pixie_plant2_battle0.png; path = Resource/Image/pixie/pixie_plant2_battle0.png; sourceTree = "<group>"; };
		190CF07D1912309D00370760 /* pixie_plant2_battle1.png */ = {isa = PBXFileReference; lastKnownFileType = image.png; name = pixie_plant2_battle1.png; path = Resource/Image/pixie/pixie_plant2_battle1.png; sourceTree = "<group>"; };
		190CF07E1912309D00370760 /* pixie_plant3_battle0.png */ = {isa = PBXFileReference; lastKnownFileType = image.png; name = pixie_plant3_battle0.png; path = Resource/Image/pixie/pixie_plant3_battle0.png; sourceTree = "<group>"; };
		190CF07F1912309D00370760 /* pixie_plant3_battle1.png */ = {isa = PBXFileReference; lastKnownFileType = image.png; name = pixie_plant3_battle1.png; path = Resource/Image/pixie/pixie_plant3_battle1.png; sourceTree = "<group>"; };
		190CF084191230AD00370760 /* ball_pixie_plant2.png */ = {isa = PBXFileReference; lastKnownFileType = image.png; name = ball_pixie_plant2.png; path = Resource/Image/balls_pixie/ball_pixie_plant2.png; sourceTree = "<group>"; };
		190CF085191230AD00370760 /* ball_pixie_plant3.png */ = {isa = PBXFileReference; lastKnownFileType = image.png; name = ball_pixie_plant3.png; path = Resource/Image/balls_pixie/ball_pixie_plant3.png; sourceTree = "<group>"; };
		190CF089191230C700370760 /* bg_01.png */ = {isa = PBXFileReference; lastKnownFileType = image.png; name = bg_01.png; path = Resource/Image/background/bg_01.png; sourceTree = "<group>"; };
		19145DBE1913F472005C6AD4 /* 陷阱0001.png */ = {isa = PBXFileReference; lastKnownFileType = image.png; path = "陷阱0001.png"; sourceTree = "<group>"; };
		19145DBF1913F472005C6AD4 /* 陷阱0002.png */ = {isa = PBXFileReference; lastKnownFileType = image.png; path = "陷阱0002.png"; sourceTree = "<group>"; };
		19145DC01913F472005C6AD4 /* 陷阱0003.png */ = {isa = PBXFileReference; lastKnownFileType = image.png; path = "陷阱0003.png"; sourceTree = "<group>"; };
		19145DC11913F472005C6AD4 /* 陷阱0004.png */ = {isa = PBXFileReference; lastKnownFileType = image.png; path = "陷阱0004.png"; sourceTree = "<group>"; };
		19145DC21913F472005C6AD4 /* 陷阱0005.png */ = {isa = PBXFileReference; lastKnownFileType = image.png; path = "陷阱0005.png"; sourceTree = "<group>"; };
		19145DC31913F472005C6AD4 /* 陷阱0006.png */ = {isa = PBXFileReference; lastKnownFileType = image.png; path = "陷阱0006.png"; sourceTree = "<group>"; };
		19145DC41913F472005C6AD4 /* 陷阱0007.png */ = {isa = PBXFileReference; lastKnownFileType = image.png; path = "陷阱0007.png"; sourceTree = "<group>"; };
		19145DC51913F472005C6AD4 /* 陷阱0008.png */ = {isa = PBXFileReference; lastKnownFileType = image.png; path = "陷阱0008.png"; sourceTree = "<group>"; };
		19145DC61913F472005C6AD4 /* 陷阱0009.png */ = {isa = PBXFileReference; lastKnownFileType = image.png; path = "陷阱0009.png"; sourceTree = "<group>"; };
		19145DC71913F472005C6AD4 /* 陷阱0010.png */ = {isa = PBXFileReference; lastKnownFileType = image.png; path = "陷阱0010.png"; sourceTree = "<group>"; };
		19145DC81913F472005C6AD4 /* 陷阱0011.png */ = {isa = PBXFileReference; lastKnownFileType = image.png; path = "陷阱0011.png"; sourceTree = "<group>"; };
		19145DC91913F472005C6AD4 /* 陷阱0012.png */ = {isa = PBXFileReference; lastKnownFileType = image.png; path = "陷阱0012.png"; sourceTree = "<group>"; };
		19145DCA1913F472005C6AD4 /* 陷阱0013.png */ = {isa = PBXFileReference; lastKnownFileType = image.png; path = "陷阱0013.png"; sourceTree = "<group>"; };
		19145DCB1913F472005C6AD4 /* 陷阱0014.png */ = {isa = PBXFileReference; lastKnownFileType = image.png; path = "陷阱0014.png"; sourceTree = "<group>"; };
		19145DCC1913F472005C6AD4 /* 陷阱0015.png */ = {isa = PBXFileReference; lastKnownFileType = image.png; path = "陷阱0015.png"; sourceTree = "<group>"; };
		19145DCD1913F472005C6AD4 /* 陷阱0016.png */ = {isa = PBXFileReference; lastKnownFileType = image.png; path = "陷阱0016.png"; sourceTree = "<group>"; };
		19145DCE1913F472005C6AD4 /* 陷阱0017.png */ = {isa = PBXFileReference; lastKnownFileType = image.png; path = "陷阱0017.png"; sourceTree = "<group>"; };
		19145DCF1913F472005C6AD4 /* 陷阱0018.png */ = {isa = PBXFileReference; lastKnownFileType = image.png; path = "陷阱0018.png"; sourceTree = "<group>"; };
		19145DD01913F472005C6AD4 /* 陷阱0019.png */ = {isa = PBXFileReference; lastKnownFileType = image.png; path = "陷阱0019.png"; sourceTree = "<group>"; };
		19145DD11913F472005C6AD4 /* 陷阱0020.png */ = {isa = PBXFileReference; lastKnownFileType = image.png; path = "陷阱0020.png"; sourceTree = "<group>"; };
		19145DD21913F472005C6AD4 /* 陷阱0021.png */ = {isa = PBXFileReference; lastKnownFileType = image.png; path = "陷阱0021.png"; sourceTree = "<group>"; };
		19145DD31913F472005C6AD4 /* 陷阱0022.png */ = {isa = PBXFileReference; lastKnownFileType = image.png; path = "陷阱0022.png"; sourceTree = "<group>"; };
		19145DD41913F472005C6AD4 /* 陷阱0023.png */ = {isa = PBXFileReference; lastKnownFileType = image.png; path = "陷阱0023.png"; sourceTree = "<group>"; };
		19145DD51913F472005C6AD4 /* 陷阱0024.png */ = {isa = PBXFileReference; lastKnownFileType = image.png; path = "陷阱0024.png"; sourceTree = "<group>"; };
		19145DD61913F472005C6AD4 /* 陷阱0025.png */ = {isa = PBXFileReference; lastKnownFileType = image.png; path = "陷阱0025.png"; sourceTree = "<group>"; };
		19145DD71913F472005C6AD4 /* 陷阱0026.png */ = {isa = PBXFileReference; lastKnownFileType = image.png; path = "陷阱0026.png"; sourceTree = "<group>"; };
		19145DD81913F472005C6AD4 /* 陷阱0027.png */ = {isa = PBXFileReference; lastKnownFileType = image.png; path = "陷阱0027.png"; sourceTree = "<group>"; };
		19145DD91913F472005C6AD4 /* 陷阱0028.png */ = {isa = PBXFileReference; lastKnownFileType = image.png; path = "陷阱0028.png"; sourceTree = "<group>"; };
		19145DDA1913F472005C6AD4 /* 陷阱0029.png */ = {isa = PBXFileReference; lastKnownFileType = image.png; path = "陷阱0029.png"; sourceTree = "<group>"; };
		19145DDB1913F472005C6AD4 /* 陷阱0030.png */ = {isa = PBXFileReference; lastKnownFileType = image.png; path = "陷阱0030.png"; sourceTree = "<group>"; };
		19145DDC1913F472005C6AD4 /* 陷阱0031.png */ = {isa = PBXFileReference; lastKnownFileType = image.png; path = "陷阱0031.png"; sourceTree = "<group>"; };
		19145DDD1913F472005C6AD4 /* 陷阱0032.png */ = {isa = PBXFileReference; lastKnownFileType = image.png; path = "陷阱0032.png"; sourceTree = "<group>"; };
		19145DDE1913F472005C6AD4 /* 陷阱0033.png */ = {isa = PBXFileReference; lastKnownFileType = image.png; path = "陷阱0033.png"; sourceTree = "<group>"; };
		19145DDF1913F472005C6AD4 /* 陷阱0034.png */ = {isa = PBXFileReference; lastKnownFileType = image.png; path = "陷阱0034.png"; sourceTree = "<group>"; };
		19145DE01913F472005C6AD4 /* 陷阱0035.png */ = {isa = PBXFileReference; lastKnownFileType = image.png; path = "陷阱0035.png"; sourceTree = "<group>"; };
		19145DE11913F472005C6AD4 /* 陷阱0036.png */ = {isa = PBXFileReference; lastKnownFileType = image.png; path = "陷阱0036.png"; sourceTree = "<group>"; };
		19145DE21913F472005C6AD4 /* 陷阱0037.png */ = {isa = PBXFileReference; lastKnownFileType = image.png; path = "陷阱0037.png"; sourceTree = "<group>"; };
		19145DE31913F472005C6AD4 /* 陷阱0038.png */ = {isa = PBXFileReference; lastKnownFileType = image.png; path = "陷阱0038.png"; sourceTree = "<group>"; };
		19145DE41913F472005C6AD4 /* 陷阱0039.png */ = {isa = PBXFileReference; lastKnownFileType = image.png; path = "陷阱0039.png"; sourceTree = "<group>"; };
		19145DE51913F472005C6AD4 /* 陷阱0040.png */ = {isa = PBXFileReference; lastKnownFileType = image.png; path = "陷阱0040.png"; sourceTree = "<group>"; };
		19145DE61913F472005C6AD4 /* 陷阱0041.png */ = {isa = PBXFileReference; lastKnownFileType = image.png; path = "陷阱0041.png"; sourceTree = "<group>"; };
		19145DE71913F472005C6AD4 /* 陷阱0042.png */ = {isa = PBXFileReference; lastKnownFileType = image.png; path = "陷阱0042.png"; sourceTree = "<group>"; };
		19145DE81913F472005C6AD4 /* 陷阱0043.png */ = {isa = PBXFileReference; lastKnownFileType = image.png; path = "陷阱0043.png"; sourceTree = "<group>"; };
		19145DE91913F472005C6AD4 /* 陷阱0044.png */ = {isa = PBXFileReference; lastKnownFileType = image.png; path = "陷阱0044.png"; sourceTree = "<group>"; };
		19145DEA1913F472005C6AD4 /* 陷阱0045.png */ = {isa = PBXFileReference; lastKnownFileType = image.png; path = "陷阱0045.png"; sourceTree = "<group>"; };
		19145DEB1913F472005C6AD4 /* 陷阱0046.png */ = {isa = PBXFileReference; lastKnownFileType = image.png; path = "陷阱0046.png"; sourceTree = "<group>"; };
		19145DEC1913F472005C6AD4 /* 陷阱0047.png */ = {isa = PBXFileReference; lastKnownFileType = image.png; path = "陷阱0047.png"; sourceTree = "<group>"; };
		19145DED1913F472005C6AD4 /* 陷阱0048.png */ = {isa = PBXFileReference; lastKnownFileType = image.png; path = "陷阱0048.png"; sourceTree = "<group>"; };
		19145DEE1913F472005C6AD4 /* 陷阱0049.png */ = {isa = PBXFileReference; lastKnownFileType = image.png; path = "陷阱0049.png"; sourceTree = "<group>"; };
		19145DEF1913F472005C6AD4 /* 陷阱0050.png */ = {isa = PBXFileReference; lastKnownFileType = image.png; path = "陷阱0050.png"; sourceTree = "<group>"; };
		1917DFF518C8551300E54F02 /* PPElement.h */ = {isa = PBXFileReference; fileEncoding = 4; lastKnownFileType = sourcecode.c.h; name = PPElement.h; path = Models/PPElement.h; sourceTree = "<group>"; };
		1917DFF618C8551300E54F02 /* PPElement.m */ = {isa = PBXFileReference; fileEncoding = 4; lastKnownFileType = sourcecode.c.objc; name = PPElement.m; path = Models/PPElement.m; sourceTree = "<group>"; };
		192C54D019096744007FA656 /* PPModels.h */ = {isa = PBXFileReference; fileEncoding = 4; lastKnownFileType = sourcecode.c.h; name = PPModels.h; path = Models/PPModels.h; sourceTree = "<group>"; };
		1938054718CB0CAB00EF8691 /* ConfigData.h */ = {isa = PBXFileReference; fileEncoding = 4; lastKnownFileType = sourcecode.c.h; name = ConfigData.h; path = Configurations/ConfigData.h; sourceTree = "<group>"; };
		1938054818CB0CAB00EF8691 /* ConfigData.m */ = {isa = PBXFileReference; fileEncoding = 4; lastKnownFileType = sourcecode.c.objc; name = ConfigData.m; path = Configurations/ConfigData.m; sourceTree = "<group>"; };
		193C25D91913EF9500E2C1BA /* bg_02.jpg */ = {isa = PBXFileReference; lastKnownFileType = image.jpeg; name = bg_02.jpg; path = Resource/Image/background/bg_02.jpg; sourceTree = "<group>"; };
		193C25DC1913F00400E2C1BA /* Cirrus0001.png */ = {isa = PBXFileReference; lastKnownFileType = image.png; path = Cirrus0001.png; sourceTree = "<group>"; };
		193C25DD1913F00400E2C1BA /* Cirrus0002.png */ = {isa = PBXFileReference; lastKnownFileType = image.png; path = Cirrus0002.png; sourceTree = "<group>"; };
		193C25DE1913F00400E2C1BA /* Cirrus0003.png */ = {isa = PBXFileReference; lastKnownFileType = image.png; path = Cirrus0003.png; sourceTree = "<group>"; };
		193C25DF1913F00400E2C1BA /* Cirrus0004.png */ = {isa = PBXFileReference; lastKnownFileType = image.png; path = Cirrus0004.png; sourceTree = "<group>"; };
		193C25E01913F00400E2C1BA /* Cirrus0005.png */ = {isa = PBXFileReference; lastKnownFileType = image.png; path = Cirrus0005.png; sourceTree = "<group>"; };
		194E6AC6190A01130098F599 /* ConstantData.h */ = {isa = PBXFileReference; fileEncoding = 4; lastKnownFileType = sourcecode.c.h; name = ConstantData.h; path = Configurations/ConstantData.h; sourceTree = "<group>"; };
		194E6AC7190A01130098F599 /* ConstantData.m */ = {isa = PBXFileReference; fileEncoding = 4; lastKnownFileType = sourcecode.c.objc; name = ConstantData.m; path = Configurations/ConstantData.m; sourceTree = "<group>"; };
		1959D5F11914E05300865D27 /* PPBattleScene.h */ = {isa = PBXFileReference; fileEncoding = 4; lastKnownFileType = sourcecode.c.h; name = PPBattleScene.h; path = Scenes/PPBattleScene.h; sourceTree = "<group>"; };
		1959D5F21914E05300865D27 /* PPBattleScene.m */ = {isa = PBXFileReference; fileEncoding = 4; lastKnownFileType = sourcecode.c.objc; name = PPBattleScene.m; path = Scenes/PPBattleScene.m; sourceTree = "<group>"; };
		1959D63D191515C900865D27 /* 变身效果01000.png */ = {isa = PBXFileReference; lastKnownFileType = image.png; path = "变身效果01000.png"; sourceTree = "<group>"; };
		1959D63E191515C900865D27 /* 变身效果01001.png */ = {isa = PBXFileReference; lastKnownFileType = image.png; path = "变身效果01001.png"; sourceTree = "<group>"; };
		1959D63F191515C900865D27 /* 变身效果01002.png */ = {isa = PBXFileReference; lastKnownFileType = image.png; path = "变身效果01002.png"; sourceTree = "<group>"; };
		1959D640191515C900865D27 /* 变身效果01003.png */ = {isa = PBXFileReference; lastKnownFileType = image.png; path = "变身效果01003.png"; sourceTree = "<group>"; };
		1959D641191515C900865D27 /* 变身效果01004.png */ = {isa = PBXFileReference; lastKnownFileType = image.png; path = "变身效果01004.png"; sourceTree = "<group>"; };
		1959D642191515C900865D27 /* 变身效果01005.png */ = {isa = PBXFileReference; lastKnownFileType = image.png; path = "变身效果01005.png"; sourceTree = "<group>"; };
		1959D643191515C900865D27 /* 变身效果01006.png */ = {isa = PBXFileReference; lastKnownFileType = image.png; path = "变身效果01006.png"; sourceTree = "<group>"; };
		1959D644191515C900865D27 /* 变身效果01007.png */ = {isa = PBXFileReference; lastKnownFileType = image.png; path = "变身效果01007.png"; sourceTree = "<group>"; };
		1959D645191515C900865D27 /* 变身效果01008.png */ = {isa = PBXFileReference; lastKnownFileType = image.png; path = "变身效果01008.png"; sourceTree = "<group>"; };
		1959D646191515C900865D27 /* 变身效果01009.png */ = {isa = PBXFileReference; lastKnownFileType = image.png; path = "变身效果01009.png"; sourceTree = "<group>"; };
		1959D647191515C900865D27 /* 变身效果01010.png */ = {isa = PBXFileReference; lastKnownFileType = image.png; path = "变身效果01010.png"; sourceTree = "<group>"; };
		1959D648191515C900865D27 /* 变身效果01011.png */ = {isa = PBXFileReference; lastKnownFileType = image.png; path = "变身效果01011.png"; sourceTree = "<group>"; };
		1959D649191515C900865D27 /* 变身效果01012.png */ = {isa = PBXFileReference; lastKnownFileType = image.png; path = "变身效果01012.png"; sourceTree = "<group>"; };
		1959D64A191515C900865D27 /* 变身效果01013.png */ = {isa = PBXFileReference; lastKnownFileType = image.png; path = "变身效果01013.png"; sourceTree = "<group>"; };
		1959D64B191515C900865D27 /* 变身效果01014.png */ = {isa = PBXFileReference; lastKnownFileType = image.png; path = "变身效果01014.png"; sourceTree = "<group>"; };
		1959D64C191515C900865D27 /* 变身效果01015.png */ = {isa = PBXFileReference; lastKnownFileType = image.png; path = "变身效果01015.png"; sourceTree = "<group>"; };
		1959D64D191515C900865D27 /* 变身效果01016.png */ = {isa = PBXFileReference; lastKnownFileType = image.png; path = "变身效果01016.png"; sourceTree = "<group>"; };
		1959D64E191515C900865D27 /* 变身效果01017.png */ = {isa = PBXFileReference; lastKnownFileType = image.png; path = "变身效果01017.png"; sourceTree = "<group>"; };
		1959D64F191515C900865D27 /* 变身效果01018.png */ = {isa = PBXFileReference; lastKnownFileType = image.png; path = "变身效果01018.png"; sourceTree = "<group>"; };
		1959D650191515C900865D27 /* 变身效果01019.png */ = {isa = PBXFileReference; lastKnownFileType = image.png; path = "变身效果01019.png"; sourceTree = "<group>"; };
		1959D651191515C900865D27 /* 变身效果01020.png */ = {isa = PBXFileReference; lastKnownFileType = image.png; path = "变身效果01020.png"; sourceTree = "<group>"; };
		1959D652191515C900865D27 /* 变身效果01021.png */ = {isa = PBXFileReference; lastKnownFileType = image.png; path = "变身效果01021.png"; sourceTree = "<group>"; };
		1959D653191515C900865D27 /* 变身效果01022.png */ = {isa = PBXFileReference; lastKnownFileType = image.png; path = "变身效果01022.png"; sourceTree = "<group>"; };
		1959D654191515C900865D27 /* 变身效果01023.png */ = {isa = PBXFileReference; lastKnownFileType = image.png; path = "变身效果01023.png"; sourceTree = "<group>"; };
		1959D655191515C900865D27 /* 变身效果01024.png */ = {isa = PBXFileReference; lastKnownFileType = image.png; path = "变身效果01024.png"; sourceTree = "<group>"; };
		1959D656191515C900865D27 /* 变身效果01025.png */ = {isa = PBXFileReference; lastKnownFileType = image.png; path = "变身效果01025.png"; sourceTree = "<group>"; };
		1959D657191515C900865D27 /* 变身效果01026.png */ = {isa = PBXFileReference; lastKnownFileType = image.png; path = "变身效果01026.png"; sourceTree = "<group>"; };
		1959D658191515C900865D27 /* 变身效果01027.png */ = {isa = PBXFileReference; lastKnownFileType = image.png; path = "变身效果01027.png"; sourceTree = "<group>"; };
		1959D659191515C900865D27 /* 变身效果01028.png */ = {isa = PBXFileReference; lastKnownFileType = image.png; path = "变身效果01028.png"; sourceTree = "<group>"; };
		1959D65A191515C900865D27 /* 变身效果01029.png */ = {isa = PBXFileReference; lastKnownFileType = image.png; path = "变身效果01029.png"; sourceTree = "<group>"; };
		1959D65B191515C900865D27 /* 变身效果01030.png */ = {isa = PBXFileReference; lastKnownFileType = image.png; path = "变身效果01030.png"; sourceTree = "<group>"; };
		1959D65C191515C900865D27 /* 变身效果01031.png */ = {isa = PBXFileReference; lastKnownFileType = image.png; path = "变身效果01031.png"; sourceTree = "<group>"; };
		1959D65D191515C900865D27 /* 变身效果01032.png */ = {isa = PBXFileReference; lastKnownFileType = image.png; path = "变身效果01032.png"; sourceTree = "<group>"; };
		1959D65E191515C900865D27 /* 变身效果01033.png */ = {isa = PBXFileReference; lastKnownFileType = image.png; path = "变身效果01033.png"; sourceTree = "<group>"; };
		1959D65F191515C900865D27 /* 变身效果01034.png */ = {isa = PBXFileReference; lastKnownFileType = image.png; path = "变身效果01034.png"; sourceTree = "<group>"; };
		1959D660191515C900865D27 /* 变身效果01035.png */ = {isa = PBXFileReference; lastKnownFileType = image.png; path = "变身效果01035.png"; sourceTree = "<group>"; };
		1959D661191515C900865D27 /* 变身效果01036.png */ = {isa = PBXFileReference; lastKnownFileType = image.png; path = "变身效果01036.png"; sourceTree = "<group>"; };
		1959D662191515C900865D27 /* 变身效果01037.png */ = {isa = PBXFileReference; lastKnownFileType = image.png; path = "变身效果01037.png"; sourceTree = "<group>"; };
		1959D663191515C900865D27 /* 变身效果01038.png */ = {isa = PBXFileReference; lastKnownFileType = image.png; path = "变身效果01038.png"; sourceTree = "<group>"; };
		1959D664191515C900865D27 /* 变身效果01039.png */ = {isa = PBXFileReference; lastKnownFileType = image.png; path = "变身效果01039.png"; sourceTree = "<group>"; };
		1959D665191515C900865D27 /* 变身效果01040.png */ = {isa = PBXFileReference; lastKnownFileType = image.png; path = "变身效果01040.png"; sourceTree = "<group>"; };
		1959D666191515C900865D27 /* 变身效果01041.png */ = {isa = PBXFileReference; lastKnownFileType = image.png; path = "变身效果01041.png"; sourceTree = "<group>"; };
		1959D667191515C900865D27 /* 变身效果01042.png */ = {isa = PBXFileReference; lastKnownFileType = image.png; path = "变身效果01042.png"; sourceTree = "<group>"; };
		1959D668191515C900865D27 /* 变身效果01043.png */ = {isa = PBXFileReference; lastKnownFileType = image.png; path = "变身效果01043.png"; sourceTree = "<group>"; };
		1959D69519152E9700865D27 /* skill_plant.png */ = {isa = PBXFileReference; lastKnownFileType = image.png; name = skill_plant.png; path = Resource/Image/test/skill_plant.png; sourceTree = "<group>"; };
		19906B8E18CB061D00C05BA3 /* Configuration.h */ = {isa = PBXFileReference; lastKnownFileType = sourcecode.c.h; name = Configuration.h; path = Configurations/Configuration.h; sourceTree = "<group>"; };
		19C930AF18EC2591001B4358 /* PPSkill.h */ = {isa = PBXFileReference; fileEncoding = 4; lastKnownFileType = sourcecode.c.h; name = PPSkill.h; path = Models/PPSkill.h; sourceTree = "<group>"; };
		19C930B018EC2591001B4358 /* PPSkill.m */ = {isa = PBXFileReference; fileEncoding = 4; lastKnownFileType = sourcecode.c.objc; name = PPSkill.m; path = Models/PPSkill.m; sourceTree = "<group>"; };
		19C930B218EC260C001B4358 /* PPBuff.h */ = {isa = PBXFileReference; fileEncoding = 4; lastKnownFileType = sourcecode.c.h; name = PPBuff.h; path = Models/PPBuff.h; sourceTree = "<group>"; };
		19C930B318EC260C001B4358 /* PPBuff.m */ = {isa = PBXFileReference; fileEncoding = 4; lastKnownFileType = sourcecode.c.objc; name = PPBuff.m; path = Models/PPBuff.m; sourceTree = "<group>"; };
		19CBA8BB1907C6D400A249AB /* PPBallScene.h */ = {isa = PBXFileReference; fileEncoding = 4; lastKnownFileType = sourcecode.c.h; name = PPBallScene.h; path = Scenes/PPBallScene.h; sourceTree = "<group>"; };
		19CBA8BC1907C6D400A249AB /* PPBallScene.m */ = {isa = PBXFileReference; fileEncoding = 4; lastKnownFileType = sourcecode.c.objc; name = PPBallScene.m; path = Scenes/PPBallScene.m; sourceTree = "<group>"; };
		19CBA8BE1907C6FD00A249AB /* PPBallViewController.h */ = {isa = PBXFileReference; fileEncoding = 4; lastKnownFileType = sourcecode.c.h; name = PPBallViewController.h; path = Controllers/PPBallViewController.h; sourceTree = "<group>"; };
		19CBA8BF1907C6FD00A249AB /* PPBallViewController.m */ = {isa = PBXFileReference; fileEncoding = 4; lastKnownFileType = sourcecode.c.objc; name = PPBallViewController.m; path = Controllers/PPBallViewController.m; sourceTree = "<group>"; };
		19CBA8C11907C77600A249AB /* PPBall.h */ = {isa = PBXFileReference; fileEncoding = 4; lastKnownFileType = sourcecode.c.h; name = PPBall.h; path = Models/PPBall.h; sourceTree = "<group>"; };
		19CBA8C21907C77600A249AB /* PPBall.m */ = {isa = PBXFileReference; fileEncoding = 4; lastKnownFileType = sourcecode.c.objc; name = PPBall.m; path = Models/PPBall.m; sourceTree = "<group>"; };
		19CBA8C41907C7D000A249AB /* PPPlayer.h */ = {isa = PBXFileReference; fileEncoding = 4; lastKnownFileType = sourcecode.c.h; name = PPPlayer.h; path = Models/PPPlayer.h; sourceTree = "<group>"; };
		19CBA8C51907C7D000A249AB /* PPPlayer.m */ = {isa = PBXFileReference; fileEncoding = 4; lastKnownFileType = sourcecode.c.objc; name = PPPlayer.m; path = Models/PPPlayer.m; sourceTree = "<group>"; };
		19CBA8C71907C91E00A249AB /* PPPixie.h */ = {isa = PBXFileReference; fileEncoding = 4; lastKnownFileType = sourcecode.c.h; name = PPPixie.h; path = Models/PPPixie.h; sourceTree = "<group>"; };
		19CBA8C81907C91E00A249AB /* PPPixie.m */ = {isa = PBXFileReference; fileEncoding = 4; lastKnownFileType = sourcecode.c.objc; name = PPPixie.m; path = Models/PPPixie.m; sourceTree = "<group>"; };
		19F6ED9818C6C09900BFFF9A /* PixelPixie.app */ = {isa = PBXFileReference; explicitFileType = wrapper.application; includeInIndex = 0; path = PixelPixie.app; sourceTree = BUILT_PRODUCTS_DIR; };
		19F6ED9B18C6C09900BFFF9A /* Foundation.framework */ = {isa = PBXFileReference; lastKnownFileType = wrapper.framework; name = Foundation.framework; path = System/Library/Frameworks/Foundation.framework; sourceTree = SDKROOT; };
		19F6ED9D18C6C09900BFFF9A /* CoreGraphics.framework */ = {isa = PBXFileReference; lastKnownFileType = wrapper.framework; name = CoreGraphics.framework; path = System/Library/Frameworks/CoreGraphics.framework; sourceTree = SDKROOT; };
		19F6ED9F18C6C09900BFFF9A /* UIKit.framework */ = {isa = PBXFileReference; lastKnownFileType = wrapper.framework; name = UIKit.framework; path = System/Library/Frameworks/UIKit.framework; sourceTree = SDKROOT; };
		19F6EDA118C6C09900BFFF9A /* SpriteKit.framework */ = {isa = PBXFileReference; lastKnownFileType = wrapper.framework; name = SpriteKit.framework; path = System/Library/Frameworks/SpriteKit.framework; sourceTree = SDKROOT; };
		19F6EDA518C6C09900BFFF9A /* PixelPixie-Info.plist */ = {isa = PBXFileReference; lastKnownFileType = text.plist.xml; path = "PixelPixie-Info.plist"; sourceTree = "<group>"; };
		19F6EDA718C6C09900BFFF9A /* en */ = {isa = PBXFileReference; lastKnownFileType = text.plist.strings; name = en; path = en.lproj/InfoPlist.strings; sourceTree = "<group>"; };
		19F6EDA918C6C09900BFFF9A /* main.m */ = {isa = PBXFileReference; lastKnownFileType = sourcecode.c.objc; path = main.m; sourceTree = "<group>"; };
		19F6EDAB18C6C09900BFFF9A /* PixelPixie-Prefix.pch */ = {isa = PBXFileReference; lastKnownFileType = sourcecode.c.h; path = "PixelPixie-Prefix.pch"; sourceTree = "<group>"; };
		19F6EDAC18C6C09900BFFF9A /* PPAppDelegate.h */ = {isa = PBXFileReference; lastKnownFileType = sourcecode.c.h; path = PPAppDelegate.h; sourceTree = "<group>"; };
		19F6EDAD18C6C09900BFFF9A /* PPAppDelegate.m */ = {isa = PBXFileReference; lastKnownFileType = sourcecode.c.objc; path = PPAppDelegate.m; sourceTree = "<group>"; };
		19F6EDBA18C6C09900BFFF9A /* Images.xcassets */ = {isa = PBXFileReference; lastKnownFileType = folder.assetcatalog; path = Images.xcassets; sourceTree = "<group>"; };
		19F6EDC118C6C09900BFFF9A /* XCTest.framework */ = {isa = PBXFileReference; lastKnownFileType = wrapper.framework; name = XCTest.framework; path = Library/Frameworks/XCTest.framework; sourceTree = DEVELOPER_DIR; };
		A50D271418DA8B2600641430 /* PPControllers.h */ = {isa = PBXFileReference; fileEncoding = 4; lastKnownFileType = sourcecode.c.h; path = PPControllers.h; sourceTree = "<group>"; };
		A50D271518DA8B2600641430 /* PPHomeVC.h */ = {isa = PBXFileReference; fileEncoding = 4; lastKnownFileType = sourcecode.c.h; path = PPHomeVC.h; sourceTree = "<group>"; };
		A50D271618DA8B2600641430 /* PPHomeVC.m */ = {isa = PBXFileReference; fileEncoding = 4; lastKnownFileType = sourcecode.c.objc; path = PPHomeVC.m; sourceTree = "<group>"; };
		A50D271718DA8B2600641430 /* PPLoginVC.h */ = {isa = PBXFileReference; fileEncoding = 4; lastKnownFileType = sourcecode.c.h; path = PPLoginVC.h; sourceTree = "<group>"; };
		A50D271818DA8B2600641430 /* PPLoginVC.m */ = {isa = PBXFileReference; fileEncoding = 4; lastKnownFileType = sourcecode.c.objc; path = PPLoginVC.m; sourceTree = "<group>"; };
		A50D271B18DA8B2600641430 /* PPRootVC.h */ = {isa = PBXFileReference; fileEncoding = 4; lastKnownFileType = sourcecode.c.h; path = PPRootVC.h; sourceTree = "<group>"; };
		A50D271C18DA8B2600641430 /* PPRootVC.m */ = {isa = PBXFileReference; fileEncoding = 4; lastKnownFileType = sourcecode.c.objc; path = PPRootVC.m; sourceTree = "<group>"; };
		A50D271D18DA8B2600641430 /* PPSelectPixieVC.h */ = {isa = PBXFileReference; fileEncoding = 4; lastKnownFileType = sourcecode.c.h; path = PPSelectPixieVC.h; sourceTree = "<group>"; };
		A50D271E18DA8B2600641430 /* PPSelectPixieVC.m */ = {isa = PBXFileReference; fileEncoding = 4; lastKnownFileType = sourcecode.c.objc; path = PPSelectPixieVC.m; sourceTree = "<group>"; };
		A50D271F18DA8B2600641430 /* PPTabBarController.h */ = {isa = PBXFileReference; fileEncoding = 4; lastKnownFileType = sourcecode.c.h; path = PPTabBarController.h; sourceTree = "<group>"; };
		A50D272018DA8B2600641430 /* PPTabBarController.m */ = {isa = PBXFileReference; fileEncoding = 4; lastKnownFileType = sourcecode.c.objc; path = PPTabBarController.m; sourceTree = "<group>"; };
		A50D272118DA8B2600641430 /* PPTabBarController.xib */ = {isa = PBXFileReference; fileEncoding = 4; lastKnownFileType = file.xib; path = PPTabBarController.xib; sourceTree = "<group>"; };
		A50D272A18DA982000641430 /* PPMenuVC.h */ = {isa = PBXFileReference; fileEncoding = 4; lastKnownFileType = sourcecode.c.h; path = PPMenuVC.h; sourceTree = "<group>"; };
		A50D272B18DA982000641430 /* PPMenuVC.m */ = {isa = PBXFileReference; fileEncoding = 4; lastKnownFileType = sourcecode.c.objc; path = PPMenuVC.m; sourceTree = "<group>"; };
		A50D277618DAC19200641430 /* PPScenes.h */ = {isa = PBXFileReference; fileEncoding = 4; lastKnownFileType = sourcecode.c.h; path = PPScenes.h; sourceTree = "<group>"; };
		A50D277A18DAD45E00641430 /* PPMenuVC.xib */ = {isa = PBXFileReference; fileEncoding = 4; lastKnownFileType = file.xib; path = PPMenuVC.xib; sourceTree = "<group>"; };
		A50D277C18DADF1A00641430 /* PPMenuPixieVC.h */ = {isa = PBXFileReference; fileEncoding = 4; lastKnownFileType = sourcecode.c.h; path = PPMenuPixieVC.h; sourceTree = "<group>"; };
		A50D277D18DADF1A00641430 /* PPMenuPixieVC.m */ = {isa = PBXFileReference; fileEncoding = 4; lastKnownFileType = sourcecode.c.objc; path = PPMenuPixieVC.m; sourceTree = "<group>"; };
		A50D277F18DADF6F00641430 /* PPMenuPackVC.h */ = {isa = PBXFileReference; fileEncoding = 4; lastKnownFileType = sourcecode.c.h; path = PPMenuPackVC.h; sourceTree = "<group>"; };
		A50D278018DADF6F00641430 /* PPMenuPackVC.m */ = {isa = PBXFileReference; fileEncoding = 4; lastKnownFileType = sourcecode.c.objc; path = PPMenuPackVC.m; sourceTree = "<group>"; };
		A50D278218DADFA500641430 /* PPMenuFightVC.h */ = {isa = PBXFileReference; fileEncoding = 4; lastKnownFileType = sourcecode.c.h; path = PPMenuFightVC.h; sourceTree = "<group>"; };
		A50D278318DADFA500641430 /* PPMenuFightVC.m */ = {isa = PBXFileReference; fileEncoding = 4; lastKnownFileType = sourcecode.c.objc; path = PPMenuFightVC.m; sourceTree = "<group>"; };
		A50D278518DADFBF00641430 /* PPMenuShopVC.h */ = {isa = PBXFileReference; fileEncoding = 4; lastKnownFileType = sourcecode.c.h; path = PPMenuShopVC.h; sourceTree = "<group>"; };
		A50D278618DADFBF00641430 /* PPMenuShopVC.m */ = {isa = PBXFileReference; fileEncoding = 4; lastKnownFileType = sourcecode.c.objc; path = PPMenuShopVC.m; sourceTree = "<group>"; };
		A50D278818DADFD600641430 /* PPMenuSettingVC.h */ = {isa = PBXFileReference; fileEncoding = 4; lastKnownFileType = sourcecode.c.h; path = PPMenuSettingVC.h; sourceTree = "<group>"; };
		A50D278918DADFD600641430 /* PPMenuSettingVC.m */ = {isa = PBXFileReference; fileEncoding = 4; lastKnownFileType = sourcecode.c.objc; path = PPMenuSettingVC.m; sourceTree = "<group>"; };
		A591A21618CEF36B00219E86 /* PPReversibleAnimationController.h */ = {isa = PBXFileReference; fileEncoding = 4; lastKnownFileType = sourcecode.c.h; name = PPReversibleAnimationController.h; path = animation/PPReversibleAnimationController.h; sourceTree = "<group>"; };
		A591A21718CEF36B00219E86 /* PPReversibleAnimationController.m */ = {isa = PBXFileReference; fileEncoding = 4; lastKnownFileType = sourcecode.c.objc; name = PPReversibleAnimationController.m; path = animation/PPReversibleAnimationController.m; sourceTree = "<group>"; };
		A591A21918CEF64200219E86 /* PPPortalAnimationController.h */ = {isa = PBXFileReference; fileEncoding = 4; lastKnownFileType = sourcecode.c.h; name = PPPortalAnimationController.h; path = animation/PPPortalAnimationController.h; sourceTree = "<group>"; };
		A591A21A18CEF64200219E86 /* PPPortalAnimationController.m */ = {isa = PBXFileReference; fileEncoding = 4; lastKnownFileType = sourcecode.c.objc; name = PPPortalAnimationController.m; path = animation/PPPortalAnimationController.m; sourceTree = "<group>"; };
		A5A2944818CAACBF002F866D /* PPStoryboard.storyboard */ = {isa = PBXFileReference; fileEncoding = 4; lastKnownFileType = file.storyboard; path = PPStoryboard.storyboard; sourceTree = "<group>"; };
		A5B786C218CBFE8F00D3E50B /* iCarousel.h */ = {isa = PBXFileReference; fileEncoding = 4; lastKnownFileType = sourcecode.c.h; name = iCarousel.h; path = iCarousel/iCarousel.h; sourceTree = "<group>"; };
		A5B786C318CBFE8F00D3E50B /* iCarousel.m */ = {isa = PBXFileReference; fileEncoding = 4; lastKnownFileType = sourcecode.c.objc; name = iCarousel.m; path = iCarousel/iCarousel.m; sourceTree = "<group>"; };
		A5B786C618CC01A500D3E50B /* PPViews.h */ = {isa = PBXFileReference; fileEncoding = 4; lastKnownFileType = sourcecode.c.h; path = PPViews.h; sourceTree = "<group>"; };
		A5B786C718CC021200D3E50B /* PPCoverflow.h */ = {isa = PBXFileReference; fileEncoding = 4; lastKnownFileType = sourcecode.c.h; path = PPCoverflow.h; sourceTree = "<group>"; };
		A5B786C818CC021200D3E50B /* PPCoverflow.m */ = {isa = PBXFileReference; fileEncoding = 4; lastKnownFileType = sourcecode.c.objc; path = PPCoverflow.m; sourceTree = "<group>"; };
/* End PBXFileReference section */

/* Begin PBXFrameworksBuildPhase section */
		19F6ED9518C6C09900BFFF9A /* Frameworks */ = {
			isa = PBXFrameworksBuildPhase;
			buildActionMask = 2147483647;
			files = (
				19F6ED9E18C6C09900BFFF9A /* CoreGraphics.framework in Frameworks */,
				19F6EDA018C6C09900BFFF9A /* UIKit.framework in Frameworks */,
				19F6EDA218C6C09900BFFF9A /* SpriteKit.framework in Frameworks */,
				19F6ED9C18C6C09900BFFF9A /* Foundation.framework in Frameworks */,
			);
			runOnlyForDeploymentPostprocessing = 0;
		};
/* End PBXFrameworksBuildPhase section */

/* Begin PBXGroup section */
		190BF48D18C6C85C006B0AE6 /* Image */ = {
			isa = PBXGroup;
			children = (
				19CBA8CA1907C98000A249AB /* test */,
				190CF088191230B900370760 /* background */,
				190CF06F1912273600370760 /* balls_element */,
				190CF07A1912305900370760 /* ball_pixie */,
				190CF07B1912306C00370760 /* pixie */,
			);
			name = Image;
			sourceTree = "<group>";
		};
		190CF06F1912273600370760 /* balls_element */ = {
			isa = PBXGroup;
			children = (
				190CF0701912277400370760 /* ball_earth.png */,
				190CF0711912277400370760 /* ball_fire.png */,
				190CF0721912277400370760 /* ball_metal.png */,
				190CF0731912277400370760 /* ball_plant.png */,
				190CF0741912277400370760 /* ball_water.png */,
			);
			name = balls_element;
			sourceTree = "<group>";
		};
		190CF07A1912305900370760 /* ball_pixie */ = {
			isa = PBXGroup;
			children = (
				190CF084191230AD00370760 /* ball_pixie_plant2.png */,
				190CF085191230AD00370760 /* ball_pixie_plant3.png */,
			);
			name = ball_pixie;
			sourceTree = "<group>";
		};
		190CF07B1912306C00370760 /* pixie */ = {
			isa = PBXGroup;
			children = (
				190CF07C1912309D00370760 /* pixie_plant2_battle0.png */,
				190CF07D1912309D00370760 /* pixie_plant2_battle1.png */,
				190CF07E1912309D00370760 /* pixie_plant3_battle0.png */,
				190CF07F1912309D00370760 /* pixie_plant3_battle1.png */,
			);
			name = pixie;
			sourceTree = "<group>";
		};
		190CF088191230B900370760 /* background */ = {
			isa = PBXGroup;
			children = (
				193C25D91913EF9500E2C1BA /* bg_02.jpg */,
				190CF089191230C700370760 /* bg_01.png */,
			);
			name = background;
			sourceTree = "<group>";
		};
		19145DBD1913F472005C6AD4 /* trap */ = {
			isa = PBXGroup;
			children = (
				19145DBE1913F472005C6AD4 /* 陷阱0001.png */,
				19145DBF1913F472005C6AD4 /* 陷阱0002.png */,
				19145DC01913F472005C6AD4 /* 陷阱0003.png */,
				19145DC11913F472005C6AD4 /* 陷阱0004.png */,
				19145DC21913F472005C6AD4 /* 陷阱0005.png */,
				19145DC31913F472005C6AD4 /* 陷阱0006.png */,
				19145DC41913F472005C6AD4 /* 陷阱0007.png */,
				19145DC51913F472005C6AD4 /* 陷阱0008.png */,
				19145DC61913F472005C6AD4 /* 陷阱0009.png */,
				19145DC71913F472005C6AD4 /* 陷阱0010.png */,
				19145DC81913F472005C6AD4 /* 陷阱0011.png */,
				19145DC91913F472005C6AD4 /* 陷阱0012.png */,
				19145DCA1913F472005C6AD4 /* 陷阱0013.png */,
				19145DCB1913F472005C6AD4 /* 陷阱0014.png */,
				19145DCC1913F472005C6AD4 /* 陷阱0015.png */,
				19145DCD1913F472005C6AD4 /* 陷阱0016.png */,
				19145DCE1913F472005C6AD4 /* 陷阱0017.png */,
				19145DCF1913F472005C6AD4 /* 陷阱0018.png */,
				19145DD01913F472005C6AD4 /* 陷阱0019.png */,
				19145DD11913F472005C6AD4 /* 陷阱0020.png */,
				19145DD21913F472005C6AD4 /* 陷阱0021.png */,
				19145DD31913F472005C6AD4 /* 陷阱0022.png */,
				19145DD41913F472005C6AD4 /* 陷阱0023.png */,
				19145DD51913F472005C6AD4 /* 陷阱0024.png */,
				19145DD61913F472005C6AD4 /* 陷阱0025.png */,
				19145DD71913F472005C6AD4 /* 陷阱0026.png */,
				19145DD81913F472005C6AD4 /* 陷阱0027.png */,
				19145DD91913F472005C6AD4 /* 陷阱0028.png */,
				19145DDA1913F472005C6AD4 /* 陷阱0029.png */,
				19145DDB1913F472005C6AD4 /* 陷阱0030.png */,
				19145DDC1913F472005C6AD4 /* 陷阱0031.png */,
				19145DDD1913F472005C6AD4 /* 陷阱0032.png */,
				19145DDE1913F472005C6AD4 /* 陷阱0033.png */,
				19145DDF1913F472005C6AD4 /* 陷阱0034.png */,
				19145DE01913F472005C6AD4 /* 陷阱0035.png */,
				19145DE11913F472005C6AD4 /* 陷阱0036.png */,
				19145DE21913F472005C6AD4 /* 陷阱0037.png */,
				19145DE31913F472005C6AD4 /* 陷阱0038.png */,
				19145DE41913F472005C6AD4 /* 陷阱0039.png */,
				19145DE51913F472005C6AD4 /* 陷阱0040.png */,
				19145DE61913F472005C6AD4 /* 陷阱0041.png */,
				19145DE71913F472005C6AD4 /* 陷阱0042.png */,
				19145DE81913F472005C6AD4 /* 陷阱0043.png */,
				19145DE91913F472005C6AD4 /* 陷阱0044.png */,
				19145DEA1913F472005C6AD4 /* 陷阱0045.png */,
				19145DEB1913F472005C6AD4 /* 陷阱0046.png */,
				19145DEC1913F472005C6AD4 /* 陷阱0047.png */,
				19145DED1913F472005C6AD4 /* 陷阱0048.png */,
				19145DEE1913F472005C6AD4 /* 陷阱0049.png */,
				19145DEF1913F472005C6AD4 /* 陷阱0050.png */,
			);
			name = trap;
			path = Resource/Image/test/trap;
			sourceTree = "<group>";
		};
		1917DFF418C8545200E54F02 /* Models */ = {
			isa = PBXGroup;
			children = (
				192C54D019096744007FA656 /* PPModels.h */,
				19CBA8C41907C7D000A249AB /* PPPlayer.h */,
				19CBA8C51907C7D000A249AB /* PPPlayer.m */,
				19CBA8C71907C91E00A249AB /* PPPixie.h */,
				19CBA8C81907C91E00A249AB /* PPPixie.m */,
				1917DFF518C8551300E54F02 /* PPElement.h */,
				1917DFF618C8551300E54F02 /* PPElement.m */,
				19C930AF18EC2591001B4358 /* PPSkill.h */,
				19C930B018EC2591001B4358 /* PPSkill.m */,
				19C930B218EC260C001B4358 /* PPBuff.h */,
				19C930B318EC260C001B4358 /* PPBuff.m */,
				19CBA8C11907C77600A249AB /* PPBall.h */,
				19CBA8C21907C77600A249AB /* PPBall.m */,
			);
			name = Models;
			sourceTree = "<group>";
		};
		193C25DB1913F00400E2C1BA /* cirrus */ = {
			isa = PBXGroup;
			children = (
				193C25DC1913F00400E2C1BA /* Cirrus0001.png */,
				193C25DD1913F00400E2C1BA /* Cirrus0002.png */,
				193C25DE1913F00400E2C1BA /* Cirrus0003.png */,
				193C25DF1913F00400E2C1BA /* Cirrus0004.png */,
				193C25E01913F00400E2C1BA /* Cirrus0005.png */,
			);
			name = cirrus;
			path = Resource/Image/test/cirrus;
			sourceTree = "<group>";
		};
		1959D63C191515C900865D27 /* transform */ = {
			isa = PBXGroup;
			children = (
				1959D63D191515C900865D27 /* 变身效果01000.png */,
				1959D63E191515C900865D27 /* 变身效果01001.png */,
				1959D63F191515C900865D27 /* 变身效果01002.png */,
				1959D640191515C900865D27 /* 变身效果01003.png */,
				1959D641191515C900865D27 /* 变身效果01004.png */,
				1959D642191515C900865D27 /* 变身效果01005.png */,
				1959D643191515C900865D27 /* 变身效果01006.png */,
				1959D644191515C900865D27 /* 变身效果01007.png */,
				1959D645191515C900865D27 /* 变身效果01008.png */,
				1959D646191515C900865D27 /* 变身效果01009.png */,
				1959D647191515C900865D27 /* 变身效果01010.png */,
				1959D648191515C900865D27 /* 变身效果01011.png */,
				1959D649191515C900865D27 /* 变身效果01012.png */,
				1959D64A191515C900865D27 /* 变身效果01013.png */,
				1959D64B191515C900865D27 /* 变身效果01014.png */,
				1959D64C191515C900865D27 /* 变身效果01015.png */,
				1959D64D191515C900865D27 /* 变身效果01016.png */,
				1959D64E191515C900865D27 /* 变身效果01017.png */,
				1959D64F191515C900865D27 /* 变身效果01018.png */,
				1959D650191515C900865D27 /* 变身效果01019.png */,
				1959D651191515C900865D27 /* 变身效果01020.png */,
				1959D652191515C900865D27 /* 变身效果01021.png */,
				1959D653191515C900865D27 /* 变身效果01022.png */,
				1959D654191515C900865D27 /* 变身效果01023.png */,
				1959D655191515C900865D27 /* 变身效果01024.png */,
				1959D656191515C900865D27 /* 变身效果01025.png */,
				1959D657191515C900865D27 /* 变身效果01026.png */,
				1959D658191515C900865D27 /* 变身效果01027.png */,
				1959D659191515C900865D27 /* 变身效果01028.png */,
				1959D65A191515C900865D27 /* 变身效果01029.png */,
				1959D65B191515C900865D27 /* 变身效果01030.png */,
				1959D65C191515C900865D27 /* 变身效果01031.png */,
				1959D65D191515C900865D27 /* 变身效果01032.png */,
				1959D65E191515C900865D27 /* 变身效果01033.png */,
				1959D65F191515C900865D27 /* 变身效果01034.png */,
				1959D660191515C900865D27 /* 变身效果01035.png */,
				1959D661191515C900865D27 /* 变身效果01036.png */,
				1959D662191515C900865D27 /* 变身效果01037.png */,
				1959D663191515C900865D27 /* 变身效果01038.png */,
				1959D664191515C900865D27 /* 变身效果01039.png */,
				1959D665191515C900865D27 /* 变身效果01040.png */,
				1959D666191515C900865D27 /* 变身效果01041.png */,
				1959D667191515C900865D27 /* 变身效果01042.png */,
				1959D668191515C900865D27 /* 变身效果01043.png */,
			);
			name = transform;
			path = Resource/Image/test/transform;
			sourceTree = "<group>";
		};
		19906B8918CB039400C05BA3 /* Configurations */ = {
			isa = PBXGroup;
			children = (
				19906B8E18CB061D00C05BA3 /* Configuration.h */,
				1938054718CB0CAB00EF8691 /* ConfigData.h */,
				1938054818CB0CAB00EF8691 /* ConfigData.m */,
				194E6AC6190A01130098F599 /* ConstantData.h */,
				194E6AC7190A01130098F599 /* ConstantData.m */,
			);
			name = Configurations;
			sourceTree = "<group>";
		};
		19CBA8B71907C24500A249AB /* Demo */ = {
			isa = PBXGroup;
			children = (
				19CBA8BE1907C6FD00A249AB /* PPBallViewController.h */,
				19CBA8BF1907C6FD00A249AB /* PPBallViewController.m */,
				1959D5F11914E05300865D27 /* PPBattleScene.h */,
				1959D5F21914E05300865D27 /* PPBattleScene.m */,
				19CBA8BB1907C6D400A249AB /* PPBallScene.h */,
				19CBA8BC1907C6D400A249AB /* PPBallScene.m */,
			);
			name = Demo;
			sourceTree = "<group>";
		};
		19CBA8CA1907C98000A249AB /* test */ = {
			isa = PBXGroup;
			children = (
				1959D63C191515C900865D27 /* transform */,
				19145DBD1913F472005C6AD4 /* trap */,
				193C25DB1913F00400E2C1BA /* cirrus */,
				1959D69519152E9700865D27 /* skill_plant.png */,
			);
			name = test;
			sourceTree = "<group>";
		};
		19F6ED8F18C6C09900BFFF9A = {
			isa = PBXGroup;
			children = (
				19F6EDA318C6C09900BFFF9A /* PixePixie */,
				19F6EDD718C6C65900BFFF9A /* Resource */,
				19F6ED9A18C6C09900BFFF9A /* Frameworks */,
				19F6ED9918C6C09900BFFF9A /* Products */,
			);
			sourceTree = "<group>";
		};
		19F6ED9918C6C09900BFFF9A /* Products */ = {
			isa = PBXGroup;
			children = (
				19F6ED9818C6C09900BFFF9A /* PixelPixie.app */,
			);
			name = Products;
			sourceTree = "<group>";
		};
		19F6ED9A18C6C09900BFFF9A /* Frameworks */ = {
			isa = PBXGroup;
			children = (
				19F6ED9B18C6C09900BFFF9A /* Foundation.framework */,
				19F6ED9D18C6C09900BFFF9A /* CoreGraphics.framework */,
				19F6ED9F18C6C09900BFFF9A /* UIKit.framework */,
				19F6EDA118C6C09900BFFF9A /* SpriteKit.framework */,
				19F6EDC118C6C09900BFFF9A /* XCTest.framework */,
			);
			name = Frameworks;
			sourceTree = "<group>";
		};
		19F6EDA318C6C09900BFFF9A /* PixePixie */ = {
			isa = PBXGroup;
			children = (
				A5A2944818CAACBF002F866D /* PPStoryboard.storyboard */,
				19F6EDAC18C6C09900BFFF9A /* PPAppDelegate.h */,
				19F6EDAD18C6C09900BFFF9A /* PPAppDelegate.m */,
				19906B8918CB039400C05BA3 /* Configurations */,
				A50D271318DA8B2600641430 /* Controllers */,
				1917DFF418C8545200E54F02 /* Models */,
				A5B786C518CC01A500D3E50B /* Views */,
				A50D277518DAC19200641430 /* Scenes */,
				19CBA8B71907C24500A249AB /* Demo */,
				A5B786C118CBFE5A00D3E50B /* Library */,
				19F6EDBA18C6C09900BFFF9A /* Images.xcassets */,
				19F6EDA418C6C09900BFFF9A /* Supporting Files */,
			);
			path = PixePixie;
			sourceTree = "<group>";
		};
		19F6EDA418C6C09900BFFF9A /* Supporting Files */ = {
			isa = PBXGroup;
			children = (
				19F6EDA918C6C09900BFFF9A /* main.m */,
				19F6EDA618C6C09900BFFF9A /* InfoPlist.strings */,
				19F6EDA518C6C09900BFFF9A /* PixelPixie-Info.plist */,
				19F6EDAB18C6C09900BFFF9A /* PixelPixie-Prefix.pch */,
			);
			name = "Supporting Files";
			sourceTree = "<group>";
		};
		19F6EDD718C6C65900BFFF9A /* Resource */ = {
			isa = PBXGroup;
			children = (
				190BF48D18C6C85C006B0AE6 /* Image */,
			);
			name = Resource;
			sourceTree = "<group>";
		};
		A50D271318DA8B2600641430 /* Controllers */ = {
			isa = PBXGroup;
			children = (
				A50D272918DA980000641430 /* MenuControllers */,
				A50D271418DA8B2600641430 /* PPControllers.h */,
				A50D271518DA8B2600641430 /* PPHomeVC.h */,
				A50D271618DA8B2600641430 /* PPHomeVC.m */,
				A50D271718DA8B2600641430 /* PPLoginVC.h */,
				A50D271818DA8B2600641430 /* PPLoginVC.m */,
				A50D271B18DA8B2600641430 /* PPRootVC.h */,
				A50D271C18DA8B2600641430 /* PPRootVC.m */,
				A50D271D18DA8B2600641430 /* PPSelectPixieVC.h */,
				A50D271E18DA8B2600641430 /* PPSelectPixieVC.m */,
				A50D271F18DA8B2600641430 /* PPTabBarController.h */,
				A50D272018DA8B2600641430 /* PPTabBarController.m */,
				A50D272118DA8B2600641430 /* PPTabBarController.xib */,
			);
			path = Controllers;
			sourceTree = "<group>";
		};
		A50D272918DA980000641430 /* MenuControllers */ = {
			isa = PBXGroup;
			children = (
				A50D272A18DA982000641430 /* PPMenuVC.h */,
				A50D272B18DA982000641430 /* PPMenuVC.m */,
				A50D277A18DAD45E00641430 /* PPMenuVC.xib */,
				A50D277C18DADF1A00641430 /* PPMenuPixieVC.h */,
				A50D277D18DADF1A00641430 /* PPMenuPixieVC.m */,
				A50D277F18DADF6F00641430 /* PPMenuPackVC.h */,
				A50D278018DADF6F00641430 /* PPMenuPackVC.m */,
				A50D278218DADFA500641430 /* PPMenuFightVC.h */,
				A50D278318DADFA500641430 /* PPMenuFightVC.m */,
				A50D278518DADFBF00641430 /* PPMenuShopVC.h */,
				A50D278618DADFBF00641430 /* PPMenuShopVC.m */,
				A50D278818DADFD600641430 /* PPMenuSettingVC.h */,
				A50D278918DADFD600641430 /* PPMenuSettingVC.m */,
			);
			path = MenuControllers;
			sourceTree = "<group>";
		};
		A50D277518DAC19200641430 /* Scenes */ = {
			isa = PBXGroup;
			children = (
				A50D277618DAC19200641430 /* PPScenes.h */,
			);
			path = Scenes;
			sourceTree = "<group>";
		};
		A5B786C118CBFE5A00D3E50B /* Library */ = {
			isa = PBXGroup;
			children = (
				A5B786C218CBFE8F00D3E50B /* iCarousel.h */,
				A5B786C318CBFE8F00D3E50B /* iCarousel.m */,
				A591A21618CEF36B00219E86 /* PPReversibleAnimationController.h */,
				A591A21718CEF36B00219E86 /* PPReversibleAnimationController.m */,
				A591A21918CEF64200219E86 /* PPPortalAnimationController.h */,
				A591A21A18CEF64200219E86 /* PPPortalAnimationController.m */,
			);
			path = Library;
			sourceTree = "<group>";
		};
		A5B786C518CC01A500D3E50B /* Views */ = {
			isa = PBXGroup;
			children = (
				A5B786C618CC01A500D3E50B /* PPViews.h */,
				A5B786C718CC021200D3E50B /* PPCoverflow.h */,
				A5B786C818CC021200D3E50B /* PPCoverflow.m */,
			);
			path = Views;
			sourceTree = "<group>";
		};
/* End PBXGroup section */

/* Begin PBXNativeTarget section */
		19F6ED9718C6C09900BFFF9A /* PixelPixie */ = {
			isa = PBXNativeTarget;
			buildConfigurationList = 19F6EDD118C6C09900BFFF9A /* Build configuration list for PBXNativeTarget "PixelPixie" */;
			buildPhases = (
				19F6ED9418C6C09900BFFF9A /* Sources */,
				19F6ED9518C6C09900BFFF9A /* Frameworks */,
				19F6ED9618C6C09900BFFF9A /* Resources */,
			);
			buildRules = (
			);
			dependencies = (
			);
			name = PixelPixie;
			productName = PixePixie;
			productReference = 19F6ED9818C6C09900BFFF9A /* PixelPixie.app */;
			productType = "com.apple.product-type.application";
		};
/* End PBXNativeTarget section */

/* Begin PBXProject section */
		19F6ED9018C6C09900BFFF9A /* Project object */ = {
			isa = PBXProject;
			attributes = {
				LastUpgradeCheck = 0510;
				ORGANIZATIONNAME = Psyches;
			};
			buildConfigurationList = 19F6ED9318C6C09900BFFF9A /* Build configuration list for PBXProject "PixelPixie" */;
			compatibilityVersion = "Xcode 3.2";
			developmentRegion = English;
			hasScannedForEncodings = 0;
			knownRegions = (
				en,
				Base,
			);
			mainGroup = 19F6ED8F18C6C09900BFFF9A;
			productRefGroup = 19F6ED9918C6C09900BFFF9A /* Products */;
			projectDirPath = "";
			projectRoot = "";
			targets = (
				19F6ED9718C6C09900BFFF9A /* PixelPixie */,
			);
		};
/* End PBXProject section */

/* Begin PBXResourcesBuildPhase section */
		19F6ED9618C6C09900BFFF9A /* Resources */ = {
			isa = PBXResourcesBuildPhase;
			buildActionMask = 2147483647;
			files = (
				190CF0821912309D00370760 /* pixie_plant3_battle0.png in Resources */,
				1959D69619152E9700865D27 /* skill_plant.png in Resources */,
				19145E091913F472005C6AD4 /* 陷阱0026.png in Resources */,
				19145DFE1913F472005C6AD4 /* 陷阱0015.png in Resources */,
				1959D670191515C900865D27 /* 变身效果01007.png in Resources */,
				190CF086191230AD00370760 /* ball_pixie_plant2.png in Resources */,
				1959D675191515C900865D27 /* 变身效果01012.png in Resources */,
				1959D691191515C900865D27 /* 变身效果01040.png in Resources */,
				190CF0761912277400370760 /* ball_fire.png in Resources */,
				193C25E11913F00400E2C1BA /* Cirrus0001.png in Resources */,
				19F6EDA818C6C09900BFFF9A /* InfoPlist.strings in Resources */,
				19145E1D1913F472005C6AD4 /* 陷阱0046.png in Resources */,
				19145E051913F472005C6AD4 /* 陷阱0022.png in Resources */,
				193C25E21913F00400E2C1BA /* Cirrus0002.png in Resources */,
				1959D68E191515C900865D27 /* 变身效果01037.png in Resources */,
				1959D67A191515C900865D27 /* 变身效果01017.png in Resources */,
				1959D67B191515C900865D27 /* 变身效果01018.png in Resources */,
				19145E201913F472005C6AD4 /* 陷阱0049.png in Resources */,
				190CF0831912309D00370760 /* pixie_plant3_battle1.png in Resources */,
				19145E1F1913F472005C6AD4 /* 陷阱0048.png in Resources */,
				193C25E31913F00400E2C1BA /* Cirrus0003.png in Resources */,
				19145E141913F472005C6AD4 /* 陷阱0037.png in Resources */,
				19145DFD1913F472005C6AD4 /* 陷阱0014.png in Resources */,
				1959D681191515C900865D27 /* 变身效果01024.png in Resources */,
				19145DFF1913F472005C6AD4 /* 陷阱0016.png in Resources */,
				19145E081913F472005C6AD4 /* 陷阱0025.png in Resources */,
				1959D68D191515C900865D27 /* 变身效果01036.png in Resources */,
				193C25DA1913EF9500E2C1BA /* bg_02.jpg in Resources */,
				1959D671191515C900865D27 /* 变身效果01008.png in Resources */,
				1959D67D191515C900865D27 /* 变身效果01020.png in Resources */,
				A50D272818DA8B2600641430 /* PPTabBarController.xib in Resources */,
				19145DF91913F472005C6AD4 /* 陷阱0010.png in Resources */,
				19145DF21913F472005C6AD4 /* 陷阱0003.png in Resources */,
				1959D678191515C900865D27 /* 变身效果01015.png in Resources */,
				1959D685191515C900865D27 /* 变身效果01028.png in Resources */,
				19145E011913F472005C6AD4 /* 陷阱0018.png in Resources */,
				19F6EDBB18C6C09900BFFF9A /* Images.xcassets in Resources */,
				1959D68F191515C900865D27 /* 变身效果01038.png in Resources */,
				1959D68C191515C900865D27 /* 变身效果01035.png in Resources */,
				1959D693191515C900865D27 /* 变身效果01042.png in Resources */,
				19145E111913F472005C6AD4 /* 陷阱0034.png in Resources */,
				19145DFC1913F472005C6AD4 /* 陷阱0013.png in Resources */,
				190CF0791912277400370760 /* ball_water.png in Resources */,
				1959D680191515C900865D27 /* 变身效果01023.png in Resources */,
				19145DF51913F472005C6AD4 /* 陷阱0006.png in Resources */,
				19145DF81913F472005C6AD4 /* 陷阱0009.png in Resources */,
				19145E121913F472005C6AD4 /* 陷阱0035.png in Resources */,
				190CF08A191230C700370760 /* bg_01.png in Resources */,
				1959D673191515C900865D27 /* 变身效果01010.png in Resources */,
				19145E001913F472005C6AD4 /* 陷阱0017.png in Resources */,
				19145E0F1913F472005C6AD4 /* 陷阱0032.png in Resources */,
				19145E101913F472005C6AD4 /* 陷阱0033.png in Resources */,
				19145E161913F472005C6AD4 /* 陷阱0039.png in Resources */,
				190CF0811912309D00370760 /* pixie_plant2_battle1.png in Resources */,
				19145E031913F472005C6AD4 /* 陷阱0020.png in Resources */,
				19145E1A1913F472005C6AD4 /* 陷阱0043.png in Resources */,
				19145DF01913F472005C6AD4 /* 陷阱0001.png in Resources */,
				1959D66C191515C900865D27 /* 变身效果01003.png in Resources */,
				19145DFA1913F472005C6AD4 /* 陷阱0011.png in Resources */,
				1959D68A191515C900865D27 /* 变身效果01033.png in Resources */,
				1959D692191515C900865D27 /* 变身效果01041.png in Resources */,
				1959D672191515C900865D27 /* 变身效果01009.png in Resources */,
				1959D689191515C900865D27 /* 变身效果01032.png in Resources */,
				1959D686191515C900865D27 /* 变身效果01029.png in Resources */,
				19145E191913F472005C6AD4 /* 陷阱0042.png in Resources */,
				190CF0771912277400370760 /* ball_metal.png in Resources */,
				19145E131913F472005C6AD4 /* 陷阱0036.png in Resources */,
				19145E0D1913F472005C6AD4 /* 陷阱0030.png in Resources */,
				190CF0781912277400370760 /* ball_plant.png in Resources */,
				190CF0751912277400370760 /* ball_earth.png in Resources */,
				1959D669191515C900865D27 /* 变身效果01000.png in Resources */,
				1959D66D191515C900865D27 /* 变身效果01004.png in Resources */,
				1959D674191515C900865D27 /* 变身效果01011.png in Resources */,
				1959D688191515C900865D27 /* 变身效果01031.png in Resources */,
				190CF0801912309D00370760 /* pixie_plant2_battle0.png in Resources */,
				1959D67F191515C900865D27 /* 变身效果01022.png in Resources */,
				19145E181913F472005C6AD4 /* 陷阱0041.png in Resources */,
				19145E1E1913F472005C6AD4 /* 陷阱0047.png in Resources */,
				19145DF31913F472005C6AD4 /* 陷阱0004.png in Resources */,
				19145E021913F472005C6AD4 /* 陷阱0019.png in Resources */,
				19145E0C1913F472005C6AD4 /* 陷阱0029.png in Resources */,
				19145E1B1913F472005C6AD4 /* 陷阱0044.png in Resources */,
				1959D679191515C900865D27 /* 变身效果01016.png in Resources */,
				1959D68B191515C900865D27 /* 变身效果01034.png in Resources */,
				1959D66B191515C900865D27 /* 变身效果01002.png in Resources */,
				1959D67E191515C900865D27 /* 变身效果01021.png in Resources */,
				A5A2944918CAACBF002F866D /* PPStoryboard.storyboard in Resources */,
				19145E171913F472005C6AD4 /* 陷阱0040.png in Resources */,
				A50D277B18DAD45E00641430 /* PPMenuVC.xib in Resources */,
				1959D690191515C900865D27 /* 变身效果01039.png in Resources */,
				19145DF11913F472005C6AD4 /* 陷阱0002.png in Resources */,
				193C25E51913F00400E2C1BA /* Cirrus0005.png in Resources */,
				19145E1C1913F472005C6AD4 /* 陷阱0045.png in Resources */,
				1959D676191515C900865D27 /* 变身效果01013.png in Resources */,
				19145E061913F472005C6AD4 /* 陷阱0023.png in Resources */,
				19145E211913F472005C6AD4 /* 陷阱0050.png in Resources */,
				1959D687191515C900865D27 /* 变身效果01030.png in Resources */,
				19145DF61913F472005C6AD4 /* 陷阱0007.png in Resources */,
				1959D66A191515C900865D27 /* 变身效果01001.png in Resources */,
				19145E0B1913F472005C6AD4 /* 陷阱0028.png in Resources */,
				1959D694191515C900865D27 /* 变身效果01043.png in Resources */,
				19145DF71913F472005C6AD4 /* 陷阱0008.png in Resources */,
				19145DFB1913F472005C6AD4 /* 陷阱0012.png in Resources */,
				1959D67C191515C900865D27 /* 变身效果01019.png in Resources */,
				1959D682191515C900865D27 /* 变身效果01025.png in Resources */,
				1959D683191515C900865D27 /* 变身效果01026.png in Resources */,
				19145E071913F472005C6AD4 /* 陷阱0024.png in Resources */,
				1959D66E191515C900865D27 /* 变身效果01005.png in Resources */,
				1959D684191515C900865D27 /* 变身效果01027.png in Resources */,
				19145E041913F472005C6AD4 /* 陷阱0021.png in Resources */,
				19145E0A1913F472005C6AD4 /* 陷阱0027.png in Resources */,
				193C25E41913F00400E2C1BA /* Cirrus0004.png in Resources */,
				19145DF41913F472005C6AD4 /* 陷阱0005.png in Resources */,
				190CF087191230AD00370760 /* ball_pixie_plant3.png in Resources */,
				19145E151913F472005C6AD4 /* 陷阱0038.png in Resources */,
				1959D677191515C900865D27 /* 变身效果01014.png in Resources */,
				1959D66F191515C900865D27 /* 变身效果01006.png in Resources */,
				19145E0E1913F472005C6AD4 /* 陷阱0031.png in Resources */,
			);
			runOnlyForDeploymentPostprocessing = 0;
		};
/* End PBXResourcesBuildPhase section */

/* Begin PBXSourcesBuildPhase section */
		19F6ED9418C6C09900BFFF9A /* Sources */ = {
			isa = PBXSourcesBuildPhase;
			buildActionMask = 2147483647;
			files = (
				19F6EDAA18C6C09900BFFF9A /* main.m in Sources */,
				19F6EDAE18C6C09900BFFF9A /* PPAppDelegate.m in Sources */,
				A5B786C418CBFE8F00D3E50B /* iCarousel.m in Sources */,
				A591A21818CEF36B00219E86 /* PPReversibleAnimationController.m in Sources */,
				1959D5F31914E05300865D27 /* PPBattleScene.m in Sources */,
				A591A21B18CEF64200219E86 /* PPPortalAnimationController.m in Sources */,
				A50D278118DADF6F00641430 /* PPMenuPackVC.m in Sources */,
				A50D278718DADFBF00641430 /* PPMenuShopVC.m in Sources */,
				A50D277E18DADF1A00641430 /* PPMenuPixieVC.m in Sources */,
				A50D278A18DADFD600641430 /* PPMenuSettingVC.m in Sources */,
				A50D278418DADFA500641430 /* PPMenuFightVC.m in Sources */,
				A50D272C18DA982000641430 /* PPMenuVC.m in Sources */,
				A50D272718DA8B2600641430 /* PPTabBarController.m in Sources */,
				A50D272618DA8B2600641430 /* PPSelectPixieVC.m in Sources */,
				1938054918CB0CAB00EF8691 /* ConfigData.m in Sources */,
				A50D272218DA8B2600641430 /* PPHomeVC.m in Sources */,
				A50D272318DA8B2600641430 /* PPLoginVC.m in Sources */,
				194E6AC8190A01130098F599 /* ConstantData.m in Sources */,
				A50D272518DA8B2600641430 /* PPRootVC.m in Sources */,
				A5B786C918CC021200D3E50B /* PPCoverflow.m in Sources */,
				19CBA8C61907C7D000A249AB /* PPPlayer.m in Sources */,
				19CBA8C91907C91E00A249AB /* PPPixie.m in Sources */,
				1917DFF718C8551300E54F02 /* PPElement.m in Sources */,
				19C930B118EC2591001B4358 /* PPSkill.m in Sources */,
				19C930B418EC260C001B4358 /* PPBuff.m in Sources */,
				19CBA8C01907C6FD00A249AB /* PPBallViewController.m in Sources */,
				19CBA8C31907C77600A249AB /* PPBall.m in Sources */,
				19CBA8BD1907C6D400A249AB /* PPBallScene.m in Sources */,
			);
			runOnlyForDeploymentPostprocessing = 0;
		};
/* End PBXSourcesBuildPhase section */

/* Begin PBXVariantGroup section */
		19F6EDA618C6C09900BFFF9A /* InfoPlist.strings */ = {
			isa = PBXVariantGroup;
			children = (
				19F6EDA718C6C09900BFFF9A /* en */,
			);
			name = InfoPlist.strings;
			sourceTree = "<group>";
		};
/* End PBXVariantGroup section */

/* Begin XCBuildConfiguration section */
		19F6EDCF18C6C09900BFFF9A /* Debug */ = {
			isa = XCBuildConfiguration;
			buildSettings = {
				ALWAYS_SEARCH_USER_PATHS = NO;
				CLANG_CXX_LANGUAGE_STANDARD = "gnu++0x";
				CLANG_CXX_LIBRARY = "libc++";
				CLANG_ENABLE_MODULES = YES;
				CLANG_ENABLE_OBJC_ARC = YES;
				CLANG_WARN_BOOL_CONVERSION = YES;
				CLANG_WARN_CONSTANT_CONVERSION = YES;
				CLANG_WARN_DIRECT_OBJC_ISA_USAGE = YES_ERROR;
				CLANG_WARN_EMPTY_BODY = YES;
				CLANG_WARN_ENUM_CONVERSION = YES;
				CLANG_WARN_INT_CONVERSION = YES;
				CLANG_WARN_OBJC_ROOT_CLASS = YES_ERROR;
				CLANG_WARN__DUPLICATE_METHOD_MATCH = YES;
				"CODE_SIGN_IDENTITY[sdk=iphoneos*]" = "iPhone Developer";
				COPY_PHASE_STRIP = NO;
				GCC_C_LANGUAGE_STANDARD = gnu99;
				GCC_DYNAMIC_NO_PIC = NO;
				GCC_OPTIMIZATION_LEVEL = 0;
				GCC_PREPROCESSOR_DEFINITIONS = (
					"DEBUG=1",
					"$(inherited)",
				);
				GCC_SYMBOLS_PRIVATE_EXTERN = NO;
				GCC_WARN_64_TO_32_BIT_CONVERSION = YES;
				GCC_WARN_ABOUT_RETURN_TYPE = YES_ERROR;
				GCC_WARN_UNDECLARED_SELECTOR = YES;
				GCC_WARN_UNINITIALIZED_AUTOS = YES;
				GCC_WARN_UNUSED_FUNCTION = YES;
				GCC_WARN_UNUSED_VARIABLE = YES;
				IPHONEOS_DEPLOYMENT_TARGET = 7.0;
				ONLY_ACTIVE_ARCH = YES;
				SDKROOT = iphoneos;
			};
			name = Debug;
		};
		19F6EDD018C6C09900BFFF9A /* Release */ = {
			isa = XCBuildConfiguration;
			buildSettings = {
				ALWAYS_SEARCH_USER_PATHS = NO;
				CLANG_CXX_LANGUAGE_STANDARD = "gnu++0x";
				CLANG_CXX_LIBRARY = "libc++";
				CLANG_ENABLE_MODULES = YES;
				CLANG_ENABLE_OBJC_ARC = YES;
				CLANG_WARN_BOOL_CONVERSION = YES;
				CLANG_WARN_CONSTANT_CONVERSION = YES;
				CLANG_WARN_DIRECT_OBJC_ISA_USAGE = YES_ERROR;
				CLANG_WARN_EMPTY_BODY = YES;
				CLANG_WARN_ENUM_CONVERSION = YES;
				CLANG_WARN_INT_CONVERSION = YES;
				CLANG_WARN_OBJC_ROOT_CLASS = YES_ERROR;
				CLANG_WARN__DUPLICATE_METHOD_MATCH = YES;
				"CODE_SIGN_IDENTITY[sdk=iphoneos*]" = "iPhone Developer";
				COPY_PHASE_STRIP = YES;
				ENABLE_NS_ASSERTIONS = NO;
				GCC_C_LANGUAGE_STANDARD = gnu99;
				GCC_WARN_64_TO_32_BIT_CONVERSION = YES;
				GCC_WARN_ABOUT_RETURN_TYPE = YES_ERROR;
				GCC_WARN_UNDECLARED_SELECTOR = YES;
				GCC_WARN_UNINITIALIZED_AUTOS = YES;
				GCC_WARN_UNUSED_FUNCTION = YES;
				GCC_WARN_UNUSED_VARIABLE = YES;
				IPHONEOS_DEPLOYMENT_TARGET = 7.0;
				SDKROOT = iphoneos;
				VALIDATE_PRODUCT = YES;
			};
			name = Release;
		};
		19F6EDD218C6C09900BFFF9A /* Debug */ = {
			isa = XCBuildConfiguration;
			buildSettings = {
				ASSETCATALOG_COMPILER_APPICON_NAME = AppIcon;
				ASSETCATALOG_COMPILER_LAUNCHIMAGE_NAME = LaunchImage;
				GCC_PRECOMPILE_PREFIX_HEADER = YES;
				GCC_PREFIX_HEADER = "PixePixie/PixelPixie-Prefix.pch";
				INFOPLIST_FILE = "PixePixie/PixelPixie-Info.plist";
				PRODUCT_NAME = PixelPixie;
				SPRITEKIT_TEXTURE_ATLAS_OUTPUT = YES;
				TARGETED_DEVICE_FAMILY = 1;
				WRAPPER_EXTENSION = app;
			};
			name = Debug;
		};
		19F6EDD318C6C09900BFFF9A /* Release */ = {
			isa = XCBuildConfiguration;
			buildSettings = {
				ASSETCATALOG_COMPILER_APPICON_NAME = AppIcon;
				ASSETCATALOG_COMPILER_LAUNCHIMAGE_NAME = LaunchImage;
				GCC_PRECOMPILE_PREFIX_HEADER = YES;
				GCC_PREFIX_HEADER = "PixePixie/PixelPixie-Prefix.pch";
				INFOPLIST_FILE = "PixePixie/PixelPixie-Info.plist";
				PRODUCT_NAME = PixelPixie;
				SPRITEKIT_TEXTURE_ATLAS_OUTPUT = YES;
				TARGETED_DEVICE_FAMILY = 1;
				WRAPPER_EXTENSION = app;
			};
			name = Release;
		};
/* End XCBuildConfiguration section */

/* Begin XCConfigurationList section */
		19F6ED9318C6C09900BFFF9A /* Build configuration list for PBXProject "PixelPixie" */ = {
			isa = XCConfigurationList;
			buildConfigurations = (
				19F6EDCF18C6C09900BFFF9A /* Debug */,
				19F6EDD018C6C09900BFFF9A /* Release */,
			);
			defaultConfigurationIsVisible = 0;
			defaultConfigurationName = Release;
		};
		19F6EDD118C6C09900BFFF9A /* Build configuration list for PBXNativeTarget "PixelPixie" */ = {
			isa = XCConfigurationList;
			buildConfigurations = (
				19F6EDD218C6C09900BFFF9A /* Debug */,
				19F6EDD318C6C09900BFFF9A /* Release */,
			);
			defaultConfigurationIsVisible = 0;
			defaultConfigurationName = Release;
		};
/* End XCConfigurationList section */
	};
	rootObject = 19F6ED9018C6C09900BFFF9A /* Project object */;
}
